
Microsoft Visual Studio Solution File, Format Version 12.00
# Visual Studio Version 16
VisualStudioVersion = 16.0.29519.181
MinimumVisualStudioVersion = 10.0.40219.1
Project("{2150E333-8FDC-42A3-9474-1A3956D46DE8}") = "Libraries", "Libraries", "{E4ACA93B-D3DE-4557-B069-F1DB42925A4B}"
EndProject
Project("{2150E333-8FDC-42A3-9474-1A3956D46DE8}") = "Presentation", "Presentation", "{B09156FB-8291-46A2-AF37-67CE97CFB5A6}"
EndProject
Project("{2150E333-8FDC-42A3-9474-1A3956D46DE8}") = "Tests", "Tests", "{A340B280-C12B-47E7-90B7-89C650F8AAFC}"
EndProject
Project("{2150E333-8FDC-42A3-9474-1A3956D46DE8}") = "Plugins", "Plugins", "{7881B112-7843-4542-B1F7-F99553FB9BB7}"
EndProject
Project("{9A19103F-16F7-4668-BE54-9A1E7A4F7556}") = "Nop.Web", "Presentation\Nop.Web\Nop.Web.csproj", "{4F1F649C-1020-45BE-A487-F416D9297FF3}"
EndProject
Project("{9A19103F-16F7-4668-BE54-9A1E7A4F7556}") = "Nop.Core", "Libraries\Nop.Core\Nop.Core.csproj", "{6BDA8332-939F-45B7-A25E-7A797260AE59}"
EndProject
Project("{9A19103F-16F7-4668-BE54-9A1E7A4F7556}") = "Nop.Data", "Libraries\Nop.Data\Nop.Data.csproj", "{CCD7F2C9-6A2C-4CF0-8E89-076B8FC0F144}"
EndProject
Project("{9A19103F-16F7-4668-BE54-9A1E7A4F7556}") = "Nop.Services", "Libraries\Nop.Services\Nop.Services.csproj", "{210541AD-F659-47DA-8763-16F36C5CD2F4}"
EndProject
Project("{9A19103F-16F7-4668-BE54-9A1E7A4F7556}") = "Nop.Services.Tests", "Tests\Nop.Services.Tests\Nop.Services.Tests.csproj", "{5DCBE5B1-1A02-48E7-9853-5FCEF2A36805}"
EndProject
Project("{9A19103F-16F7-4668-BE54-9A1E7A4F7556}") = "Nop.Core.Tests", "Tests\Nop.Core.Tests\Nop.Core.Tests.csproj", "{7A9BDC6A-F880-43D5-9B2A-59C1674CE449}"
EndProject
Project("{9A19103F-16F7-4668-BE54-9A1E7A4F7556}") = "Nop.Tests", "Tests\Nop.Tests\Nop.Tests.csproj", "{1D9EB579-3630-468A-BE94-49E7DF4F6E1D}"
EndProject
Project("{9A19103F-16F7-4668-BE54-9A1E7A4F7556}") = "Nop.Web.MVC.Tests", "Tests\Nop.Web.MVC.Tests\Nop.Web.MVC.Tests.csproj", "{57718244-1B22-4637-9DBF-F5D8E460FC95}"
EndProject
Project("{9A19103F-16F7-4668-BE54-9A1E7A4F7556}") = "Nop.Plugin.Payments.Manual", "Plugins\Nop.Plugin.Payments.Manual\Nop.Plugin.Payments.Manual.csproj", "{9A7B9344-6AD0-4828-876D-0BF14C177148}"
EndProject
Project("{9A19103F-16F7-4668-BE54-9A1E7A4F7556}") = "Nop.Web.Framework", "Presentation\Nop.Web.Framework\Nop.Web.Framework.csproj", "{75FD4163-333C-4DD5-854D-2EF294E45D94}"
EndProject
Project("{9A19103F-16F7-4668-BE54-9A1E7A4F7556}") = "Nop.Plugin.Shipping.UPS", "Plugins\Nop.Plugin.Shipping.UPS\Nop.Plugin.Shipping.UPS.csproj", "{98CA7487-6ADE-4773-BD0A-29255F443236}"
EndProject
Project("{9A19103F-16F7-4668-BE54-9A1E7A4F7556}") = "Nop.Plugin.Payments.CheckMoneyOrder", "Plugins\Nop.Plugin.Payments.CheckMoneyOrder\Nop.Plugin.Payments.CheckMoneyOrder.csproj", "{5422ED35-2808-4790-B5E6-C86A383B2874}"
EndProject
Project("{9A19103F-16F7-4668-BE54-9A1E7A4F7556}") = "Nop.Plugin.Payments.PayPalStandard", "Plugins\Nop.Plugin.Payments.PayPalStandard\Nop.Plugin.Payments.PayPalStandard.csproj", "{5979DBFD-8471-4DF5-A0FD-96F6768205AA}"
EndProject
Project("{9A19103F-16F7-4668-BE54-9A1E7A4F7556}") = "Nop.Plugin.Widgets.GoogleAnalytics", "Plugins\Nop.Plugin.Widgets.GoogleAnalytics\Nop.Plugin.Widgets.GoogleAnalytics.csproj", "{C2B83AF5-80F6-4B8C-8628-FA7DE10C3BB5}"
EndProject
Project("{9A19103F-16F7-4668-BE54-9A1E7A4F7556}") = "Nop.Plugin.ExternalAuth.Facebook", "Plugins\Nop.Plugin.ExternalAuth.Facebook\Nop.Plugin.ExternalAuth.Facebook.csproj", "{446FED73-BCA1-4D8F-BC13-EA1507C7EF29}"
EndProject
Project("{9A19103F-16F7-4668-BE54-9A1E7A4F7556}") = "Nop.Plugin.Widgets.NivoSlider", "Plugins\Nop.Plugin.Widgets.NivoSlider\Nop.Plugin.Widgets.NivoSlider.csproj", "{9978B382-0BCD-4621-B6B5-52E0E3B5F464}"
EndProject
Project("{9A19103F-16F7-4668-BE54-9A1E7A4F7556}") = "Nop.Plugin.ExchangeRate.EcbExchange", "Plugins\Nop.Plugin.ExchangeRate.EcbExchange\Nop.Plugin.ExchangeRate.EcbExchange.csproj", "{6DF00C56-EC49-4AB8-8B29-404E3694026C}"
EndProject
Project("{9A19103F-16F7-4668-BE54-9A1E7A4F7556}") = "Nop.Plugin.Pickup.PickupInStore", "Plugins\Nop.Plugin.Pickup.PickupInStore\Nop.Plugin.Pickup.PickupInStore.csproj", "{06C88D0B-A276-4D3D-8BE5-7C58BF3072E3}"
EndProject
Project("{9A19103F-16F7-4668-BE54-9A1E7A4F7556}") = "Nop.Plugin.Shipping.FixedByWeightByTotal", "Plugins\Nop.Plugin.Shipping.FixedByWeightByTotal\Nop.Plugin.Shipping.FixedByWeightByTotal.csproj", "{560768D4-7E1D-4431-99F0-CC14C255E167}"
EndProject
Project("{9A19103F-16F7-4668-BE54-9A1E7A4F7556}") = "Nop.Plugin.Tax.FixedOrByCountryStateZip", "Plugins\Nop.Plugin.Tax.FixedOrByCountryStateZip\Nop.Plugin.Tax.FixedOrByCountryStateZip.csproj", "{493761CB-5190-4283-8C6C-A8CEB5450CAB}"
EndProject
Project("{9A19103F-16F7-4668-BE54-9A1E7A4F7556}") = "Nop.Plugin.DiscountRules.CustomerRoles", "Plugins\Nop.Plugin.DiscountRules.CustomerRoles\Nop.Plugin.DiscountRules.CustomerRoles.csproj", "{4C0C889A-A3B2-43FA-824A-F529402C1BBF}"
EndProject
Project("{9A19103F-16F7-4668-BE54-9A1E7A4F7556}") = "Nop.Plugin.Misc.SendinBlue", "Plugins\Nop.Plugin.Misc.SendinBlue\Nop.Plugin.Misc.SendinBlue.csproj", "{7B08DACB-8E11-416D-9DDF-B0EEF847A8ED}"
EndProject
Project("{9A19103F-16F7-4668-BE54-9A1E7A4F7556}") = "Nop.Plugin.Tax.Avalara", "Plugins\Nop.Plugin.Tax.Avalara\Nop.Plugin.Tax.Avalara.csproj", "{2426B75D-23D4-41EF-8924-47650C8A18C7}"
EndProject
Project("{9A19103F-16F7-4668-BE54-9A1E7A4F7556}") = "Nop.Plugin.Shipping.ShipStation", "Plugins\Nop.Plugin.Shipping.ShipStation\Nop.Plugin.Shipping.ShipStation.csproj", "{83F05E8D-2D6C-41FC-A95C-9621ED358615}"
EndProject
Project("{9A19103F-16F7-4668-BE54-9A1E7A4F7556}") = "Nop.Plugin.Payments.PayPalSmartPaymentButtons", "Plugins\Nop.Plugin.Payments.PayPalSmartPaymentButtons\Nop.Plugin.Payments.PayPalSmartPaymentButtons.csproj", "{FAC5F9D0-2C2B-4296-B079-E723EA8A320C}"
EndProject
Project("{9A19103F-16F7-4668-BE54-9A1E7A4F7556}") = "Nop.Plugin.Widgets.FacebookPixel", "Plugins\Nop.Plugin.Widgets.FacebookPixel\Nop.Plugin.Widgets.FacebookPixel.csproj", "{87013DC8-D032-465B-A950-753E4EB15502}"
EndProject
Project("{9A19103F-16F7-4668-BE54-9A1E7A4F7556}") = "Hishop.Open.Api", "Libraries\Hishop.Open.Api\Hishop.Open.Api.csproj", "{2437965D-BBE4-4003-B8E0-88519FE52AAC}"
EndProject
Project("{9A19103F-16F7-4668-BE54-9A1E7A4F7556}") = "Hishop.Weixin.MP", "Libraries\Hishop.Weixin.MP\Hishop.Weixin.MP.csproj", "{2601EFE1-BCB4-4335-B6E3-BED9485C0261}"
EndProject
Project("{9A19103F-16F7-4668-BE54-9A1E7A4F7556}") = "Mall.API", "Libraries\Mall.API\Mall.API.csproj", "{6C8F487A-87B5-4713-9C99-B40BAAB5E743}"
EndProject
Project("{9A19103F-16F7-4668-BE54-9A1E7A4F7556}") = "Mall.Application", "Libraries\Mall.Application\Mall.Application.csproj", "{11E47DF0-6497-4839-9FE4-8527CE64FA38}"
EndProject
Project("{9A19103F-16F7-4668-BE54-9A1E7A4F7556}") = "Mall.CommonModel", "Libraries\Mall.CommonModel\Mall.CommonModel.csproj", "{BB28A22B-BBE7-4328-B89A-2E98A8BE90D3}"
EndProject
Project("{9A19103F-16F7-4668-BE54-9A1E7A4F7556}") = "Mall.Core", "Libraries\Mall.Core\Mall.Core.csproj", "{2C028F10-7082-4122-A637-A717ACD8938D}"
EndProject
Project("{9A19103F-16F7-4668-BE54-9A1E7A4F7556}") = "Mall.DTO", "Libraries\Mall.DTO\Mall.DTO.csproj", "{3A6EABD9-5FA9-4A97-8115-4167087EB22B}"
EndProject
Project("{9A19103F-16F7-4668-BE54-9A1E7A4F7556}") = "Mall.Entities", "Libraries\Mall.Entities\Mall.Entities.csproj", "{EF6F28E6-2E95-45A1-9B3F-682120E1D926}"
EndProject
Project("{9A19103F-16F7-4668-BE54-9A1E7A4F7556}") = "Mall.IService", "Libraries\Mall.IService\Mall.IService.csproj", "{2EDE7346-ADFE-40C7-A333-49F25D470AF3}"
EndProject
Project("{9A19103F-16F7-4668-BE54-9A1E7A4F7556}") = "Mall.OpenApi", "Libraries\Mall.OpenApi\Mall.OpenApi.csproj", "{22D0D5A3-7E91-42E0-8023-64A4E39DFD0E}"
EndProject
Project("{9A19103F-16F7-4668-BE54-9A1E7A4F7556}") = "Mall.Service", "Libraries\Mall.Service\Mall.Service.csproj", "{35095236-CD88-4C47-87A2-CCF393886EAD}"
EndProject
Project("{9A19103F-16F7-4668-BE54-9A1E7A4F7556}") = "Mall.ServiceProvider", "Libraries\Mall.ServiceProvider\Mall.ServiceProvider.csproj", "{6F3CAC00-660D-43BA-B0DE-E7127DB8C208}"
EndProject
Project("{9A19103F-16F7-4668-BE54-9A1E7A4F7556}") = "Mall.SmallProgAPI", "Libraries\Mall.SmallProgAPI\Mall.SmallProgAPI.csproj", "{43FF0F5E-4674-4C32-80A3-2C252133D2A5}"
EndProject
Project("{2150E333-8FDC-42A3-9474-1A3956D46DE8}") = "MallPlugins", "MallPlugins", "{312E621C-AFE5-4A6A-8E72-A00F2880B64B}"
EndProject
Project("{2150E333-8FDC-42A3-9474-1A3956D46DE8}") = "Express", "Express", "{44DBD966-DAA5-4884-8364-CE817E098B0A}"
EndProject
Project("{2150E333-8FDC-42A3-9474-1A3956D46DE8}") = "Message", "Message", "{D1CE5B59-B832-4368-B5D1-073D82666879}"
EndProject
Project("{2150E333-8FDC-42A3-9474-1A3956D46DE8}") = "OAuth", "OAuth", "{F6C8F55B-CE01-4068-BC01-E292FB86B365}"
EndProject
Project("{2150E333-8FDC-42A3-9474-1A3956D46DE8}") = "Payment", "Payment", "{7450DE01-536D-48DA-B79D-0A0464C67990}"
EndProject
Project("{9A19103F-16F7-4668-BE54-9A1E7A4F7556}") = "Mall.ExpressPlugin", "MallPlugins\Express\Mall.ExpressPlugin\Mall.ExpressPlugin.csproj", "{2EF2E35D-3280-42DD-BACF-C92B709A5057}"
EndProject
Project("{9A19103F-16F7-4668-BE54-9A1E7A4F7556}") = "Mall.Plugin.Express.EMS", "MallPlugins\Express\Mall.Plugin.Express.EMS\Mall.Plugin.Express.EMS.csproj", "{A7C71771-273C-4201-8CC9-7BCA909F71C4}"
EndProject
Project("{9A19103F-16F7-4668-BE54-9A1E7A4F7556}") = "Mall.MessagePlugin", "MallPlugins\Message\Mall.MessagePlugin\Mall.MessagePlugin.csproj", "{A29F4A18-8CCE-4AF5-87C4-7E3C28D7FBF0}"
EndProject
Project("{9A19103F-16F7-4668-BE54-9A1E7A4F7556}") = "Mall.Plugin.Message.Email", "MallPlugins\Message\Mall.Plugin.Message.Email\Mall.Plugin.Message.Email.csproj", "{8852C945-A18B-4E33-B26F-D97EBF01B03E}"
EndProject
Project("{9A19103F-16F7-4668-BE54-9A1E7A4F7556}") = "Mall.Plugin.OAuth.WeiXin", "MallPlugins\OAuth\Mall.Plugin.OAuth.WeiXin\Mall.Plugin.OAuth.WeiXin.csproj", "{89BEA262-7032-4CC7-8BAB-8556EAF4746C}"
EndProject
Project("{9A19103F-16F7-4668-BE54-9A1E7A4F7556}") = "Mall.PaymentPlugin", "MallPlugins\Payment\Mall.PaymentPlugin\Mall.PaymentPlugin.csproj", "{FDE2D908-1F77-4851-9254-2F8F66A579F3}"
EndProject
Project("{9A19103F-16F7-4668-BE54-9A1E7A4F7556}") = "Mall.Plugin.Payment.Alipay.Base", "MallPlugins\Payment\Mall.Plugin.Payment.Alipay.Base\Mall.Plugin.Payment.Alipay.Base.csproj", "{92CB6937-54FD-4538-A438-9BC5542A39E6}"
EndProject
Project("{9A19103F-16F7-4668-BE54-9A1E7A4F7556}") = "Mall.Plugin.Payment.Alipay", "MallPlugins\Payment\Mall.Plugin.Payment.Alipay\Mall.Plugin.Payment.Alipay.csproj", "{BD289757-3378-41C1-80CF-15D9FF6DBC7A}"
EndProject
Project("{9A19103F-16F7-4668-BE54-9A1E7A4F7556}") = "Mall.Plugin.Payment.Alipay_QRCode", "MallPlugins\Payment\Mall.Plugin.Payment.Alipay_QRCode\Mall.Plugin.Payment.Alipay_QRCode.csproj", "{0DDA1FE6-089C-4DF0-AA98-363DD517CC8B}"
EndProject
Project("{9A19103F-16F7-4668-BE54-9A1E7A4F7556}") = "Mall.Plugin.Payment.WeiXinPay", "MallPlugins\Payment\Mall.Plugin.Payment.WeiXinPay\Mall.Plugin.Payment.WeiXinPay.csproj", "{B0C37BE4-9C19-418F-8ABE-28D9C8D11A23}"
EndProject
Project("{9A19103F-16F7-4668-BE54-9A1E7A4F7556}") = "Mall.Plugin.Payment.WeiXinPay_MiniProg", "MallPlugins\Payment\Mall.Plugin.Payment.WeiXinPay_MiniProg\Mall.Plugin.Payment.WeiXinPay_MiniProg.csproj", "{0C7449F1-0C99-46AA-9A19-452F236BFCD6}"
EndProject
Project("{9A19103F-16F7-4668-BE54-9A1E7A4F7556}") = "Mall.Plugin.Payment.WeiXinPay_Native", "MallPlugins\Payment\Mall.Plugin.Payment.WeiXinPay_Native\Mall.Plugin.Payment.WeiXinPay_Native.csproj", "{B92ACB79-1EBC-4AA8-9503-B15094FC9968}"
EndProject
Project("{9A19103F-16F7-4668-BE54-9A1E7A4F7556}") = "Mall.Plugin.Payment.WeiXinPay_Wap", "MallPlugins\Payment\Mall.Plugin.Payment.WeiXinPay_Wap\Mall.Plugin.Payment.WeiXinPay_Wap.csproj", "{79647C9F-2DD3-45F5-925D-04C28642AD33}"
EndProject
Project("{9A19103F-16F7-4668-BE54-9A1E7A4F7556}") = "Mall.WeiXinPaymentBase", "MallPlugins\Payment\Mall.WeiXinPaymentBase\Mall.WeiXinPaymentBase.csproj", "{7A04BC6B-F627-4C18-AD2D-484799F67EED}"
EndProject
Project("{9A19103F-16F7-4668-BE54-9A1E7A4F7556}") = "Mall.Web", "Presentation\Mall.Web\Mall.Web.csproj", "{EECAF629-0153-416F-A1A5-8A66C1037DCD}"
EndProject
Project("{9A19103F-16F7-4668-BE54-9A1E7A4F7556}") = "Mall.Web.Framework", "Presentation\Mall.Web.Framework\Mall.Web.Framework.csproj", "{1BA0A10B-FA63-4282-880B-2F8E06957AAB}"
EndProject
Project("{2150E333-8FDC-42A3-9474-1A3956D46DE8}") = "Thirdparty", "Thirdparty", "{B29C0909-1265-4A49-8301-5B163A0718A2}"
EndProject
Project("{9A19103F-16F7-4668-BE54-9A1E7A4F7556}") = "Senparc.Weixin.vs2017", "Thirdparty\WeiXinMPSDK\src\Senparc.Weixin\Senparc.Weixin\Senparc.Weixin.vs2017.csproj", "{0D61110D-5D62-45FB-9A71-8DD62BFE9234}"
EndProject
Project("{9A19103F-16F7-4668-BE54-9A1E7A4F7556}") = "Senparc.Weixin.MP.vs2017", "Thirdparty\WeiXinMPSDK\src\Senparc.Weixin.MP\Senparc.Weixin.MP\Senparc.Weixin.MP.vs2017.csproj", "{D567C1D8-BC75-470F-92F0-FF758E54A1F8}"
EndProject
Project("{9A19103F-16F7-4668-BE54-9A1E7A4F7556}") = "Senparc.Weixin.Open.vs2017", "Thirdparty\WeiXinMPSDK\src\Senparc.Weixin.Open\Senparc.Weixin.Open\Senparc.Weixin.Open.vs2017.csproj", "{3C47DF70-715F-41C9-9EBD-5318A1A28297}"
EndProject
Project("{9A19103F-16F7-4668-BE54-9A1E7A4F7556}") = "MobileDetect", "Thirdparty\MobileDetect\MobileDetect.csproj", "{40E6A8AE-699E-42B1-8D45-0B70CDAD9505}"
EndProject
Project("{2150E333-8FDC-42A3-9474-1A3956D46DE8}") = "Strategies", "Strategies", "{94649218-4F63-4386-809E-EBEFA9320957}"
EndProject
Project("{9A19103F-16F7-4668-BE54-9A1E7A4F7556}") = "Mall.Strategy.Cache.AspNetCache", "Strategies\Cache\Mall.Strategy.Cache.AspNetCache\Mall.Strategy.Cache.AspNetCache.csproj", "{CEDA18DE-92DD-4392-A4C3-170FA615B91E}"
EndProject
Project("{9A19103F-16F7-4668-BE54-9A1E7A4F7556}") = "Mall.Strategy.IO.AspNetIO", "Strategies\IO\Mall.Strategy.AspNetIO\Mall.Strategy.IO.AspNetIO.csproj", "{50C11B63-BBA7-4230-9D3B-804A2EDF7028}"
EndProject
Project("{9A19103F-16F7-4668-BE54-9A1E7A4F7556}") = "SOS.NETCore", "Thirdparty\diagnostics\src\SOS\SOS.NETCore\SOS.NETCore.csproj", "{689072A7-FE29-470B-A500-C0E82E45F47D}"
EndProject
Global
	GlobalSection(SolutionConfigurationPlatforms) = preSolution
		Debug|Any CPU = Debug|Any CPU
		Debug|Mixed Platforms = Debug|Mixed Platforms
		Debug|x86 = Debug|x86
		Release|Any CPU = Release|Any CPU
		Release|Mixed Platforms = Release|Mixed Platforms
		Release|x86 = Release|x86
	EndGlobalSection
	GlobalSection(ProjectConfigurationPlatforms) = postSolution
		{4F1F649C-1020-45BE-A487-F416D9297FF3}.Debug|Any CPU.ActiveCfg = Debug|Any CPU
		{4F1F649C-1020-45BE-A487-F416D9297FF3}.Debug|Any CPU.Build.0 = Debug|Any CPU
		{4F1F649C-1020-45BE-A487-F416D9297FF3}.Debug|Mixed Platforms.ActiveCfg = Debug|Any CPU
		{4F1F649C-1020-45BE-A487-F416D9297FF3}.Debug|Mixed Platforms.Build.0 = Debug|Any CPU
		{4F1F649C-1020-45BE-A487-F416D9297FF3}.Debug|x86.ActiveCfg = Debug|Any CPU
		{4F1F649C-1020-45BE-A487-F416D9297FF3}.Release|Any CPU.ActiveCfg = Release|Any CPU
		{4F1F649C-1020-45BE-A487-F416D9297FF3}.Release|Any CPU.Build.0 = Release|Any CPU
		{4F1F649C-1020-45BE-A487-F416D9297FF3}.Release|Mixed Platforms.ActiveCfg = Release|Any CPU
		{4F1F649C-1020-45BE-A487-F416D9297FF3}.Release|Mixed Platforms.Build.0 = Release|Any CPU
		{4F1F649C-1020-45BE-A487-F416D9297FF3}.Release|x86.ActiveCfg = Release|Any CPU
		{6BDA8332-939F-45B7-A25E-7A797260AE59}.Debug|Any CPU.ActiveCfg = Debug|Any CPU
		{6BDA8332-939F-45B7-A25E-7A797260AE59}.Debug|Any CPU.Build.0 = Debug|Any CPU
		{6BDA8332-939F-45B7-A25E-7A797260AE59}.Debug|Mixed Platforms.ActiveCfg = Debug|Any CPU
		{6BDA8332-939F-45B7-A25E-7A797260AE59}.Debug|Mixed Platforms.Build.0 = Debug|Any CPU
		{6BDA8332-939F-45B7-A25E-7A797260AE59}.Debug|x86.ActiveCfg = Debug|Any CPU
		{6BDA8332-939F-45B7-A25E-7A797260AE59}.Release|Any CPU.ActiveCfg = Release|Any CPU
		{6BDA8332-939F-45B7-A25E-7A797260AE59}.Release|Any CPU.Build.0 = Release|Any CPU
		{6BDA8332-939F-45B7-A25E-7A797260AE59}.Release|Mixed Platforms.ActiveCfg = Release|Any CPU
		{6BDA8332-939F-45B7-A25E-7A797260AE59}.Release|Mixed Platforms.Build.0 = Release|Any CPU
		{6BDA8332-939F-45B7-A25E-7A797260AE59}.Release|x86.ActiveCfg = Release|Any CPU
		{CCD7F2C9-6A2C-4CF0-8E89-076B8FC0F144}.Debug|Any CPU.ActiveCfg = Debug|Any CPU
		{CCD7F2C9-6A2C-4CF0-8E89-076B8FC0F144}.Debug|Any CPU.Build.0 = Debug|Any CPU
		{CCD7F2C9-6A2C-4CF0-8E89-076B8FC0F144}.Debug|Mixed Platforms.ActiveCfg = Debug|Any CPU
		{CCD7F2C9-6A2C-4CF0-8E89-076B8FC0F144}.Debug|Mixed Platforms.Build.0 = Debug|Any CPU
		{CCD7F2C9-6A2C-4CF0-8E89-076B8FC0F144}.Debug|x86.ActiveCfg = Debug|Any CPU
		{CCD7F2C9-6A2C-4CF0-8E89-076B8FC0F144}.Release|Any CPU.ActiveCfg = Release|Any CPU
		{CCD7F2C9-6A2C-4CF0-8E89-076B8FC0F144}.Release|Any CPU.Build.0 = Release|Any CPU
		{CCD7F2C9-6A2C-4CF0-8E89-076B8FC0F144}.Release|Mixed Platforms.ActiveCfg = Release|Any CPU
		{CCD7F2C9-6A2C-4CF0-8E89-076B8FC0F144}.Release|Mixed Platforms.Build.0 = Release|Any CPU
		{CCD7F2C9-6A2C-4CF0-8E89-076B8FC0F144}.Release|x86.ActiveCfg = Release|Any CPU
		{210541AD-F659-47DA-8763-16F36C5CD2F4}.Debug|Any CPU.ActiveCfg = Debug|Any CPU
		{210541AD-F659-47DA-8763-16F36C5CD2F4}.Debug|Any CPU.Build.0 = Debug|Any CPU
		{210541AD-F659-47DA-8763-16F36C5CD2F4}.Debug|Mixed Platforms.ActiveCfg = Debug|Any CPU
		{210541AD-F659-47DA-8763-16F36C5CD2F4}.Debug|Mixed Platforms.Build.0 = Debug|Any CPU
		{210541AD-F659-47DA-8763-16F36C5CD2F4}.Debug|x86.ActiveCfg = Debug|Any CPU
		{210541AD-F659-47DA-8763-16F36C5CD2F4}.Release|Any CPU.ActiveCfg = Release|Any CPU
		{210541AD-F659-47DA-8763-16F36C5CD2F4}.Release|Any CPU.Build.0 = Release|Any CPU
		{210541AD-F659-47DA-8763-16F36C5CD2F4}.Release|Mixed Platforms.ActiveCfg = Release|Any CPU
		{210541AD-F659-47DA-8763-16F36C5CD2F4}.Release|Mixed Platforms.Build.0 = Release|Any CPU
		{210541AD-F659-47DA-8763-16F36C5CD2F4}.Release|x86.ActiveCfg = Release|Any CPU
		{5DCBE5B1-1A02-48E7-9853-5FCEF2A36805}.Debug|Any CPU.ActiveCfg = Debug|Any CPU
		{5DCBE5B1-1A02-48E7-9853-5FCEF2A36805}.Debug|Any CPU.Build.0 = Debug|Any CPU
		{5DCBE5B1-1A02-48E7-9853-5FCEF2A36805}.Debug|Mixed Platforms.ActiveCfg = Debug|Any CPU
		{5DCBE5B1-1A02-48E7-9853-5FCEF2A36805}.Debug|Mixed Platforms.Build.0 = Debug|Any CPU
		{5DCBE5B1-1A02-48E7-9853-5FCEF2A36805}.Debug|x86.ActiveCfg = Debug|Any CPU
		{5DCBE5B1-1A02-48E7-9853-5FCEF2A36805}.Release|Any CPU.ActiveCfg = Release|Any CPU
		{5DCBE5B1-1A02-48E7-9853-5FCEF2A36805}.Release|Any CPU.Build.0 = Release|Any CPU
		{5DCBE5B1-1A02-48E7-9853-5FCEF2A36805}.Release|Mixed Platforms.ActiveCfg = Release|Any CPU
		{5DCBE5B1-1A02-48E7-9853-5FCEF2A36805}.Release|Mixed Platforms.Build.0 = Release|Any CPU
		{5DCBE5B1-1A02-48E7-9853-5FCEF2A36805}.Release|x86.ActiveCfg = Release|Any CPU
		{7A9BDC6A-F880-43D5-9B2A-59C1674CE449}.Debug|Any CPU.ActiveCfg = Debug|Any CPU
		{7A9BDC6A-F880-43D5-9B2A-59C1674CE449}.Debug|Any CPU.Build.0 = Debug|Any CPU
		{7A9BDC6A-F880-43D5-9B2A-59C1674CE449}.Debug|Mixed Platforms.ActiveCfg = Debug|Any CPU
		{7A9BDC6A-F880-43D5-9B2A-59C1674CE449}.Debug|Mixed Platforms.Build.0 = Debug|Any CPU
		{7A9BDC6A-F880-43D5-9B2A-59C1674CE449}.Debug|x86.ActiveCfg = Debug|Any CPU
		{7A9BDC6A-F880-43D5-9B2A-59C1674CE449}.Release|Any CPU.ActiveCfg = Release|Any CPU
		{7A9BDC6A-F880-43D5-9B2A-59C1674CE449}.Release|Any CPU.Build.0 = Release|Any CPU
		{7A9BDC6A-F880-43D5-9B2A-59C1674CE449}.Release|Mixed Platforms.ActiveCfg = Release|Any CPU
		{7A9BDC6A-F880-43D5-9B2A-59C1674CE449}.Release|Mixed Platforms.Build.0 = Release|Any CPU
		{7A9BDC6A-F880-43D5-9B2A-59C1674CE449}.Release|x86.ActiveCfg = Release|Any CPU
		{1D9EB579-3630-468A-BE94-49E7DF4F6E1D}.Debug|Any CPU.ActiveCfg = Debug|Any CPU
		{1D9EB579-3630-468A-BE94-49E7DF4F6E1D}.Debug|Any CPU.Build.0 = Debug|Any CPU
		{1D9EB579-3630-468A-BE94-49E7DF4F6E1D}.Debug|Mixed Platforms.ActiveCfg = Debug|Any CPU
		{1D9EB579-3630-468A-BE94-49E7DF4F6E1D}.Debug|Mixed Platforms.Build.0 = Debug|Any CPU
		{1D9EB579-3630-468A-BE94-49E7DF4F6E1D}.Debug|x86.ActiveCfg = Debug|Any CPU
		{1D9EB579-3630-468A-BE94-49E7DF4F6E1D}.Release|Any CPU.ActiveCfg = Release|Any CPU
		{1D9EB579-3630-468A-BE94-49E7DF4F6E1D}.Release|Any CPU.Build.0 = Release|Any CPU
		{1D9EB579-3630-468A-BE94-49E7DF4F6E1D}.Release|Mixed Platforms.ActiveCfg = Release|Any CPU
		{1D9EB579-3630-468A-BE94-49E7DF4F6E1D}.Release|Mixed Platforms.Build.0 = Release|Any CPU
		{1D9EB579-3630-468A-BE94-49E7DF4F6E1D}.Release|x86.ActiveCfg = Release|Any CPU
		{57718244-1B22-4637-9DBF-F5D8E460FC95}.Debug|Any CPU.ActiveCfg = Debug|Any CPU
		{57718244-1B22-4637-9DBF-F5D8E460FC95}.Debug|Any CPU.Build.0 = Debug|Any CPU
		{57718244-1B22-4637-9DBF-F5D8E460FC95}.Debug|Mixed Platforms.ActiveCfg = Debug|Any CPU
		{57718244-1B22-4637-9DBF-F5D8E460FC95}.Debug|Mixed Platforms.Build.0 = Debug|Any CPU
		{57718244-1B22-4637-9DBF-F5D8E460FC95}.Debug|x86.ActiveCfg = Debug|Any CPU
		{57718244-1B22-4637-9DBF-F5D8E460FC95}.Release|Any CPU.ActiveCfg = Release|Any CPU
		{57718244-1B22-4637-9DBF-F5D8E460FC95}.Release|Any CPU.Build.0 = Release|Any CPU
		{57718244-1B22-4637-9DBF-F5D8E460FC95}.Release|Mixed Platforms.ActiveCfg = Release|Any CPU
		{57718244-1B22-4637-9DBF-F5D8E460FC95}.Release|Mixed Platforms.Build.0 = Release|Any CPU
		{57718244-1B22-4637-9DBF-F5D8E460FC95}.Release|x86.ActiveCfg = Release|Any CPU
		{9A7B9344-6AD0-4828-876D-0BF14C177148}.Debug|Any CPU.ActiveCfg = Debug|Any CPU
		{9A7B9344-6AD0-4828-876D-0BF14C177148}.Debug|Any CPU.Build.0 = Debug|Any CPU
		{9A7B9344-6AD0-4828-876D-0BF14C177148}.Debug|Mixed Platforms.ActiveCfg = Debug|Any CPU
		{9A7B9344-6AD0-4828-876D-0BF14C177148}.Debug|Mixed Platforms.Build.0 = Debug|Any CPU
		{9A7B9344-6AD0-4828-876D-0BF14C177148}.Debug|x86.ActiveCfg = Debug|Any CPU
		{9A7B9344-6AD0-4828-876D-0BF14C177148}.Release|Any CPU.ActiveCfg = Release|Any CPU
		{9A7B9344-6AD0-4828-876D-0BF14C177148}.Release|Any CPU.Build.0 = Release|Any CPU
		{9A7B9344-6AD0-4828-876D-0BF14C177148}.Release|Mixed Platforms.ActiveCfg = Release|Any CPU
		{9A7B9344-6AD0-4828-876D-0BF14C177148}.Release|Mixed Platforms.Build.0 = Release|Any CPU
		{9A7B9344-6AD0-4828-876D-0BF14C177148}.Release|x86.ActiveCfg = Release|Any CPU
		{75FD4163-333C-4DD5-854D-2EF294E45D94}.Debug|Any CPU.ActiveCfg = Debug|Any CPU
		{75FD4163-333C-4DD5-854D-2EF294E45D94}.Debug|Any CPU.Build.0 = Debug|Any CPU
		{75FD4163-333C-4DD5-854D-2EF294E45D94}.Debug|Mixed Platforms.ActiveCfg = Debug|Any CPU
		{75FD4163-333C-4DD5-854D-2EF294E45D94}.Debug|Mixed Platforms.Build.0 = Debug|Any CPU
		{75FD4163-333C-4DD5-854D-2EF294E45D94}.Debug|x86.ActiveCfg = Debug|Any CPU
		{75FD4163-333C-4DD5-854D-2EF294E45D94}.Release|Any CPU.ActiveCfg = Release|Any CPU
		{75FD4163-333C-4DD5-854D-2EF294E45D94}.Release|Any CPU.Build.0 = Release|Any CPU
		{75FD4163-333C-4DD5-854D-2EF294E45D94}.Release|Mixed Platforms.ActiveCfg = Release|Any CPU
		{75FD4163-333C-4DD5-854D-2EF294E45D94}.Release|Mixed Platforms.Build.0 = Release|Any CPU
		{75FD4163-333C-4DD5-854D-2EF294E45D94}.Release|x86.ActiveCfg = Release|Any CPU
		{98CA7487-6ADE-4773-BD0A-29255F443236}.Debug|Any CPU.ActiveCfg = Debug|Any CPU
		{98CA7487-6ADE-4773-BD0A-29255F443236}.Debug|Any CPU.Build.0 = Debug|Any CPU
		{98CA7487-6ADE-4773-BD0A-29255F443236}.Debug|Mixed Platforms.ActiveCfg = Debug|Any CPU
		{98CA7487-6ADE-4773-BD0A-29255F443236}.Debug|Mixed Platforms.Build.0 = Debug|Any CPU
		{98CA7487-6ADE-4773-BD0A-29255F443236}.Debug|x86.ActiveCfg = Debug|Any CPU
		{98CA7487-6ADE-4773-BD0A-29255F443236}.Release|Any CPU.ActiveCfg = Release|Any CPU
		{98CA7487-6ADE-4773-BD0A-29255F443236}.Release|Any CPU.Build.0 = Release|Any CPU
		{98CA7487-6ADE-4773-BD0A-29255F443236}.Release|Mixed Platforms.ActiveCfg = Release|Any CPU
		{98CA7487-6ADE-4773-BD0A-29255F443236}.Release|Mixed Platforms.Build.0 = Release|Any CPU
		{98CA7487-6ADE-4773-BD0A-29255F443236}.Release|x86.ActiveCfg = Release|Any CPU
		{5422ED35-2808-4790-B5E6-C86A383B2874}.Debug|Any CPU.ActiveCfg = Debug|Any CPU
		{5422ED35-2808-4790-B5E6-C86A383B2874}.Debug|Any CPU.Build.0 = Debug|Any CPU
		{5422ED35-2808-4790-B5E6-C86A383B2874}.Debug|Mixed Platforms.ActiveCfg = Debug|Any CPU
		{5422ED35-2808-4790-B5E6-C86A383B2874}.Debug|Mixed Platforms.Build.0 = Debug|Any CPU
		{5422ED35-2808-4790-B5E6-C86A383B2874}.Debug|x86.ActiveCfg = Debug|Any CPU
		{5422ED35-2808-4790-B5E6-C86A383B2874}.Release|Any CPU.ActiveCfg = Release|Any CPU
		{5422ED35-2808-4790-B5E6-C86A383B2874}.Release|Any CPU.Build.0 = Release|Any CPU
		{5422ED35-2808-4790-B5E6-C86A383B2874}.Release|Mixed Platforms.ActiveCfg = Release|Any CPU
		{5422ED35-2808-4790-B5E6-C86A383B2874}.Release|Mixed Platforms.Build.0 = Release|Any CPU
		{5422ED35-2808-4790-B5E6-C86A383B2874}.Release|x86.ActiveCfg = Release|Any CPU
		{5979DBFD-8471-4DF5-A0FD-96F6768205AA}.Debug|Any CPU.ActiveCfg = Debug|Any CPU
		{5979DBFD-8471-4DF5-A0FD-96F6768205AA}.Debug|Any CPU.Build.0 = Debug|Any CPU
		{5979DBFD-8471-4DF5-A0FD-96F6768205AA}.Debug|Mixed Platforms.ActiveCfg = Debug|Any CPU
		{5979DBFD-8471-4DF5-A0FD-96F6768205AA}.Debug|Mixed Platforms.Build.0 = Debug|Any CPU
		{5979DBFD-8471-4DF5-A0FD-96F6768205AA}.Debug|x86.ActiveCfg = Debug|Any CPU
		{5979DBFD-8471-4DF5-A0FD-96F6768205AA}.Release|Any CPU.ActiveCfg = Release|Any CPU
		{5979DBFD-8471-4DF5-A0FD-96F6768205AA}.Release|Any CPU.Build.0 = Release|Any CPU
		{5979DBFD-8471-4DF5-A0FD-96F6768205AA}.Release|Mixed Platforms.ActiveCfg = Release|Any CPU
		{5979DBFD-8471-4DF5-A0FD-96F6768205AA}.Release|Mixed Platforms.Build.0 = Release|Any CPU
		{5979DBFD-8471-4DF5-A0FD-96F6768205AA}.Release|x86.ActiveCfg = Release|Any CPU
		{C2B83AF5-80F6-4B8C-8628-FA7DE10C3BB5}.Debug|Any CPU.ActiveCfg = Debug|Any CPU
		{C2B83AF5-80F6-4B8C-8628-FA7DE10C3BB5}.Debug|Any CPU.Build.0 = Debug|Any CPU
		{C2B83AF5-80F6-4B8C-8628-FA7DE10C3BB5}.Debug|Mixed Platforms.ActiveCfg = Debug|Any CPU
		{C2B83AF5-80F6-4B8C-8628-FA7DE10C3BB5}.Debug|Mixed Platforms.Build.0 = Debug|Any CPU
		{C2B83AF5-80F6-4B8C-8628-FA7DE10C3BB5}.Debug|x86.ActiveCfg = Debug|Any CPU
		{C2B83AF5-80F6-4B8C-8628-FA7DE10C3BB5}.Release|Any CPU.ActiveCfg = Release|Any CPU
		{C2B83AF5-80F6-4B8C-8628-FA7DE10C3BB5}.Release|Any CPU.Build.0 = Release|Any CPU
		{C2B83AF5-80F6-4B8C-8628-FA7DE10C3BB5}.Release|Mixed Platforms.ActiveCfg = Release|Any CPU
		{C2B83AF5-80F6-4B8C-8628-FA7DE10C3BB5}.Release|Mixed Platforms.Build.0 = Release|Any CPU
		{C2B83AF5-80F6-4B8C-8628-FA7DE10C3BB5}.Release|x86.ActiveCfg = Release|Any CPU
		{446FED73-BCA1-4D8F-BC13-EA1507C7EF29}.Debug|Any CPU.ActiveCfg = Debug|Any CPU
		{446FED73-BCA1-4D8F-BC13-EA1507C7EF29}.Debug|Any CPU.Build.0 = Debug|Any CPU
		{446FED73-BCA1-4D8F-BC13-EA1507C7EF29}.Debug|Mixed Platforms.ActiveCfg = Debug|Any CPU
		{446FED73-BCA1-4D8F-BC13-EA1507C7EF29}.Debug|Mixed Platforms.Build.0 = Debug|Any CPU
		{446FED73-BCA1-4D8F-BC13-EA1507C7EF29}.Debug|x86.ActiveCfg = Debug|Any CPU
		{446FED73-BCA1-4D8F-BC13-EA1507C7EF29}.Release|Any CPU.ActiveCfg = Release|Any CPU
		{446FED73-BCA1-4D8F-BC13-EA1507C7EF29}.Release|Any CPU.Build.0 = Release|Any CPU
		{446FED73-BCA1-4D8F-BC13-EA1507C7EF29}.Release|Mixed Platforms.ActiveCfg = Release|Any CPU
		{446FED73-BCA1-4D8F-BC13-EA1507C7EF29}.Release|Mixed Platforms.Build.0 = Release|Any CPU
		{446FED73-BCA1-4D8F-BC13-EA1507C7EF29}.Release|x86.ActiveCfg = Release|Any CPU
		{9978B382-0BCD-4621-B6B5-52E0E3B5F464}.Debug|Any CPU.ActiveCfg = Debug|Any CPU
		{9978B382-0BCD-4621-B6B5-52E0E3B5F464}.Debug|Any CPU.Build.0 = Debug|Any CPU
		{9978B382-0BCD-4621-B6B5-52E0E3B5F464}.Debug|Mixed Platforms.ActiveCfg = Debug|Any CPU
		{9978B382-0BCD-4621-B6B5-52E0E3B5F464}.Debug|Mixed Platforms.Build.0 = Debug|Any CPU
		{9978B382-0BCD-4621-B6B5-52E0E3B5F464}.Debug|x86.ActiveCfg = Debug|Any CPU
		{9978B382-0BCD-4621-B6B5-52E0E3B5F464}.Release|Any CPU.ActiveCfg = Release|Any CPU
		{9978B382-0BCD-4621-B6B5-52E0E3B5F464}.Release|Any CPU.Build.0 = Release|Any CPU
		{9978B382-0BCD-4621-B6B5-52E0E3B5F464}.Release|Mixed Platforms.ActiveCfg = Release|Any CPU
		{9978B382-0BCD-4621-B6B5-52E0E3B5F464}.Release|Mixed Platforms.Build.0 = Release|Any CPU
		{9978B382-0BCD-4621-B6B5-52E0E3B5F464}.Release|x86.ActiveCfg = Release|Any CPU
		{6DF00C56-EC49-4AB8-8B29-404E3694026C}.Debug|Any CPU.ActiveCfg = Debug|Any CPU
		{6DF00C56-EC49-4AB8-8B29-404E3694026C}.Debug|Any CPU.Build.0 = Debug|Any CPU
		{6DF00C56-EC49-4AB8-8B29-404E3694026C}.Debug|Mixed Platforms.ActiveCfg = Debug|Any CPU
		{6DF00C56-EC49-4AB8-8B29-404E3694026C}.Debug|Mixed Platforms.Build.0 = Debug|Any CPU
		{6DF00C56-EC49-4AB8-8B29-404E3694026C}.Debug|x86.ActiveCfg = Debug|Any CPU
		{6DF00C56-EC49-4AB8-8B29-404E3694026C}.Debug|x86.Build.0 = Debug|Any CPU
		{6DF00C56-EC49-4AB8-8B29-404E3694026C}.Release|Any CPU.ActiveCfg = Release|Any CPU
		{6DF00C56-EC49-4AB8-8B29-404E3694026C}.Release|Any CPU.Build.0 = Release|Any CPU
		{6DF00C56-EC49-4AB8-8B29-404E3694026C}.Release|Mixed Platforms.ActiveCfg = Release|Any CPU
		{6DF00C56-EC49-4AB8-8B29-404E3694026C}.Release|Mixed Platforms.Build.0 = Release|Any CPU
		{6DF00C56-EC49-4AB8-8B29-404E3694026C}.Release|x86.ActiveCfg = Release|Any CPU
		{6DF00C56-EC49-4AB8-8B29-404E3694026C}.Release|x86.Build.0 = Release|Any CPU
		{06C88D0B-A276-4D3D-8BE5-7C58BF3072E3}.Debug|Any CPU.ActiveCfg = Debug|Any CPU
		{06C88D0B-A276-4D3D-8BE5-7C58BF3072E3}.Debug|Any CPU.Build.0 = Debug|Any CPU
		{06C88D0B-A276-4D3D-8BE5-7C58BF3072E3}.Debug|Mixed Platforms.ActiveCfg = Debug|Any CPU
		{06C88D0B-A276-4D3D-8BE5-7C58BF3072E3}.Debug|Mixed Platforms.Build.0 = Debug|Any CPU
		{06C88D0B-A276-4D3D-8BE5-7C58BF3072E3}.Debug|x86.ActiveCfg = Debug|Any CPU
		{06C88D0B-A276-4D3D-8BE5-7C58BF3072E3}.Debug|x86.Build.0 = Debug|Any CPU
		{06C88D0B-A276-4D3D-8BE5-7C58BF3072E3}.Release|Any CPU.ActiveCfg = Release|Any CPU
		{06C88D0B-A276-4D3D-8BE5-7C58BF3072E3}.Release|Any CPU.Build.0 = Release|Any CPU
		{06C88D0B-A276-4D3D-8BE5-7C58BF3072E3}.Release|Mixed Platforms.ActiveCfg = Release|Any CPU
		{06C88D0B-A276-4D3D-8BE5-7C58BF3072E3}.Release|Mixed Platforms.Build.0 = Release|Any CPU
		{06C88D0B-A276-4D3D-8BE5-7C58BF3072E3}.Release|x86.ActiveCfg = Release|Any CPU
		{06C88D0B-A276-4D3D-8BE5-7C58BF3072E3}.Release|x86.Build.0 = Release|Any CPU
		{560768D4-7E1D-4431-99F0-CC14C255E167}.Debug|Any CPU.ActiveCfg = Debug|Any CPU
		{560768D4-7E1D-4431-99F0-CC14C255E167}.Debug|Any CPU.Build.0 = Debug|Any CPU
		{560768D4-7E1D-4431-99F0-CC14C255E167}.Debug|Mixed Platforms.ActiveCfg = Debug|Any CPU
		{560768D4-7E1D-4431-99F0-CC14C255E167}.Debug|Mixed Platforms.Build.0 = Debug|Any CPU
		{560768D4-7E1D-4431-99F0-CC14C255E167}.Debug|x86.ActiveCfg = Debug|Any CPU
		{560768D4-7E1D-4431-99F0-CC14C255E167}.Debug|x86.Build.0 = Debug|Any CPU
		{560768D4-7E1D-4431-99F0-CC14C255E167}.Release|Any CPU.ActiveCfg = Release|Any CPU
		{560768D4-7E1D-4431-99F0-CC14C255E167}.Release|Any CPU.Build.0 = Release|Any CPU
		{560768D4-7E1D-4431-99F0-CC14C255E167}.Release|Mixed Platforms.ActiveCfg = Release|Any CPU
		{560768D4-7E1D-4431-99F0-CC14C255E167}.Release|Mixed Platforms.Build.0 = Release|Any CPU
		{560768D4-7E1D-4431-99F0-CC14C255E167}.Release|x86.ActiveCfg = Release|Any CPU
		{560768D4-7E1D-4431-99F0-CC14C255E167}.Release|x86.Build.0 = Release|Any CPU
		{493761CB-5190-4283-8C6C-A8CEB5450CAB}.Debug|Any CPU.ActiveCfg = Debug|Any CPU
		{493761CB-5190-4283-8C6C-A8CEB5450CAB}.Debug|Any CPU.Build.0 = Debug|Any CPU
		{493761CB-5190-4283-8C6C-A8CEB5450CAB}.Debug|Mixed Platforms.ActiveCfg = Debug|Any CPU
		{493761CB-5190-4283-8C6C-A8CEB5450CAB}.Debug|Mixed Platforms.Build.0 = Debug|Any CPU
		{493761CB-5190-4283-8C6C-A8CEB5450CAB}.Debug|x86.ActiveCfg = Debug|Any CPU
		{493761CB-5190-4283-8C6C-A8CEB5450CAB}.Debug|x86.Build.0 = Debug|Any CPU
		{493761CB-5190-4283-8C6C-A8CEB5450CAB}.Release|Any CPU.ActiveCfg = Release|Any CPU
		{493761CB-5190-4283-8C6C-A8CEB5450CAB}.Release|Any CPU.Build.0 = Release|Any CPU
		{493761CB-5190-4283-8C6C-A8CEB5450CAB}.Release|Mixed Platforms.ActiveCfg = Release|Any CPU
		{493761CB-5190-4283-8C6C-A8CEB5450CAB}.Release|Mixed Platforms.Build.0 = Release|Any CPU
		{493761CB-5190-4283-8C6C-A8CEB5450CAB}.Release|x86.ActiveCfg = Release|Any CPU
		{493761CB-5190-4283-8C6C-A8CEB5450CAB}.Release|x86.Build.0 = Release|Any CPU
		{4C0C889A-A3B2-43FA-824A-F529402C1BBF}.Debug|Any CPU.ActiveCfg = Debug|Any CPU
		{4C0C889A-A3B2-43FA-824A-F529402C1BBF}.Debug|Any CPU.Build.0 = Debug|Any CPU
		{4C0C889A-A3B2-43FA-824A-F529402C1BBF}.Debug|Mixed Platforms.ActiveCfg = Debug|Any CPU
		{4C0C889A-A3B2-43FA-824A-F529402C1BBF}.Debug|Mixed Platforms.Build.0 = Debug|Any CPU
		{4C0C889A-A3B2-43FA-824A-F529402C1BBF}.Debug|x86.ActiveCfg = Debug|Any CPU
		{4C0C889A-A3B2-43FA-824A-F529402C1BBF}.Debug|x86.Build.0 = Debug|Any CPU
		{4C0C889A-A3B2-43FA-824A-F529402C1BBF}.Release|Any CPU.ActiveCfg = Release|Any CPU
		{4C0C889A-A3B2-43FA-824A-F529402C1BBF}.Release|Any CPU.Build.0 = Release|Any CPU
		{4C0C889A-A3B2-43FA-824A-F529402C1BBF}.Release|Mixed Platforms.ActiveCfg = Release|Any CPU
		{4C0C889A-A3B2-43FA-824A-F529402C1BBF}.Release|Mixed Platforms.Build.0 = Release|Any CPU
		{4C0C889A-A3B2-43FA-824A-F529402C1BBF}.Release|x86.ActiveCfg = Release|Any CPU
		{4C0C889A-A3B2-43FA-824A-F529402C1BBF}.Release|x86.Build.0 = Release|Any CPU
		{7B08DACB-8E11-416D-9DDF-B0EEF847A8ED}.Debug|Any CPU.ActiveCfg = Debug|Any CPU
		{7B08DACB-8E11-416D-9DDF-B0EEF847A8ED}.Debug|Any CPU.Build.0 = Debug|Any CPU
		{7B08DACB-8E11-416D-9DDF-B0EEF847A8ED}.Debug|Mixed Platforms.ActiveCfg = Debug|Any CPU
		{7B08DACB-8E11-416D-9DDF-B0EEF847A8ED}.Debug|Mixed Platforms.Build.0 = Debug|Any CPU
		{7B08DACB-8E11-416D-9DDF-B0EEF847A8ED}.Debug|x86.ActiveCfg = Debug|Any CPU
		{7B08DACB-8E11-416D-9DDF-B0EEF847A8ED}.Debug|x86.Build.0 = Debug|Any CPU
		{7B08DACB-8E11-416D-9DDF-B0EEF847A8ED}.Release|Any CPU.ActiveCfg = Release|Any CPU
		{7B08DACB-8E11-416D-9DDF-B0EEF847A8ED}.Release|Any CPU.Build.0 = Release|Any CPU
		{7B08DACB-8E11-416D-9DDF-B0EEF847A8ED}.Release|Mixed Platforms.ActiveCfg = Release|Any CPU
		{7B08DACB-8E11-416D-9DDF-B0EEF847A8ED}.Release|Mixed Platforms.Build.0 = Release|Any CPU
		{7B08DACB-8E11-416D-9DDF-B0EEF847A8ED}.Release|x86.ActiveCfg = Release|Any CPU
		{7B08DACB-8E11-416D-9DDF-B0EEF847A8ED}.Release|x86.Build.0 = Release|Any CPU
		{2426B75D-23D4-41EF-8924-47650C8A18C7}.Debug|Any CPU.ActiveCfg = Debug|Any CPU
		{2426B75D-23D4-41EF-8924-47650C8A18C7}.Debug|Any CPU.Build.0 = Debug|Any CPU
		{2426B75D-23D4-41EF-8924-47650C8A18C7}.Debug|Mixed Platforms.ActiveCfg = Debug|Any CPU
		{2426B75D-23D4-41EF-8924-47650C8A18C7}.Debug|Mixed Platforms.Build.0 = Debug|Any CPU
		{2426B75D-23D4-41EF-8924-47650C8A18C7}.Debug|x86.ActiveCfg = Debug|Any CPU
		{2426B75D-23D4-41EF-8924-47650C8A18C7}.Debug|x86.Build.0 = Debug|Any CPU
		{2426B75D-23D4-41EF-8924-47650C8A18C7}.Release|Any CPU.ActiveCfg = Release|Any CPU
		{2426B75D-23D4-41EF-8924-47650C8A18C7}.Release|Any CPU.Build.0 = Release|Any CPU
		{2426B75D-23D4-41EF-8924-47650C8A18C7}.Release|Mixed Platforms.ActiveCfg = Release|Any CPU
		{2426B75D-23D4-41EF-8924-47650C8A18C7}.Release|Mixed Platforms.Build.0 = Release|Any CPU
		{2426B75D-23D4-41EF-8924-47650C8A18C7}.Release|x86.ActiveCfg = Release|Any CPU
		{2426B75D-23D4-41EF-8924-47650C8A18C7}.Release|x86.Build.0 = Release|Any CPU
		{83F05E8D-2D6C-41FC-A95C-9621ED358615}.Debug|Any CPU.ActiveCfg = Debug|Any CPU
		{83F05E8D-2D6C-41FC-A95C-9621ED358615}.Debug|Any CPU.Build.0 = Debug|Any CPU
		{83F05E8D-2D6C-41FC-A95C-9621ED358615}.Debug|Mixed Platforms.ActiveCfg = Debug|Any CPU
		{83F05E8D-2D6C-41FC-A95C-9621ED358615}.Debug|Mixed Platforms.Build.0 = Debug|Any CPU
		{83F05E8D-2D6C-41FC-A95C-9621ED358615}.Debug|x86.ActiveCfg = Debug|Any CPU
		{83F05E8D-2D6C-41FC-A95C-9621ED358615}.Debug|x86.Build.0 = Debug|Any CPU
		{83F05E8D-2D6C-41FC-A95C-9621ED358615}.Release|Any CPU.ActiveCfg = Release|Any CPU
		{83F05E8D-2D6C-41FC-A95C-9621ED358615}.Release|Any CPU.Build.0 = Release|Any CPU
		{83F05E8D-2D6C-41FC-A95C-9621ED358615}.Release|Mixed Platforms.ActiveCfg = Release|Any CPU
		{83F05E8D-2D6C-41FC-A95C-9621ED358615}.Release|Mixed Platforms.Build.0 = Release|Any CPU
		{83F05E8D-2D6C-41FC-A95C-9621ED358615}.Release|x86.ActiveCfg = Release|Any CPU
		{83F05E8D-2D6C-41FC-A95C-9621ED358615}.Release|x86.Build.0 = Release|Any CPU
		{FAC5F9D0-2C2B-4296-B079-E723EA8A320C}.Debug|Any CPU.ActiveCfg = Debug|Any CPU
		{FAC5F9D0-2C2B-4296-B079-E723EA8A320C}.Debug|Any CPU.Build.0 = Debug|Any CPU
		{FAC5F9D0-2C2B-4296-B079-E723EA8A320C}.Debug|Mixed Platforms.ActiveCfg = Debug|Any CPU
		{FAC5F9D0-2C2B-4296-B079-E723EA8A320C}.Debug|Mixed Platforms.Build.0 = Debug|Any CPU
		{FAC5F9D0-2C2B-4296-B079-E723EA8A320C}.Debug|x86.ActiveCfg = Debug|Any CPU
		{FAC5F9D0-2C2B-4296-B079-E723EA8A320C}.Debug|x86.Build.0 = Debug|Any CPU
		{FAC5F9D0-2C2B-4296-B079-E723EA8A320C}.Release|Any CPU.ActiveCfg = Release|Any CPU
		{FAC5F9D0-2C2B-4296-B079-E723EA8A320C}.Release|Any CPU.Build.0 = Release|Any CPU
		{FAC5F9D0-2C2B-4296-B079-E723EA8A320C}.Release|Mixed Platforms.ActiveCfg = Release|Any CPU
		{FAC5F9D0-2C2B-4296-B079-E723EA8A320C}.Release|Mixed Platforms.Build.0 = Release|Any CPU
		{FAC5F9D0-2C2B-4296-B079-E723EA8A320C}.Release|x86.ActiveCfg = Release|Any CPU
		{FAC5F9D0-2C2B-4296-B079-E723EA8A320C}.Release|x86.Build.0 = Release|Any CPU
		{87013DC8-D032-465B-A950-753E4EB15502}.Debug|Any CPU.ActiveCfg = Debug|Any CPU
		{87013DC8-D032-465B-A950-753E4EB15502}.Debug|Any CPU.Build.0 = Debug|Any CPU
		{87013DC8-D032-465B-A950-753E4EB15502}.Debug|Mixed Platforms.ActiveCfg = Debug|Any CPU
		{87013DC8-D032-465B-A950-753E4EB15502}.Debug|Mixed Platforms.Build.0 = Debug|Any CPU
		{87013DC8-D032-465B-A950-753E4EB15502}.Debug|x86.ActiveCfg = Debug|Any CPU
		{87013DC8-D032-465B-A950-753E4EB15502}.Debug|x86.Build.0 = Debug|Any CPU
		{87013DC8-D032-465B-A950-753E4EB15502}.Release|Any CPU.ActiveCfg = Release|Any CPU
		{87013DC8-D032-465B-A950-753E4EB15502}.Release|Any CPU.Build.0 = Release|Any CPU
		{87013DC8-D032-465B-A950-753E4EB15502}.Release|Mixed Platforms.ActiveCfg = Release|Any CPU
		{87013DC8-D032-465B-A950-753E4EB15502}.Release|Mixed Platforms.Build.0 = Release|Any CPU
		{87013DC8-D032-465B-A950-753E4EB15502}.Release|x86.ActiveCfg = Release|Any CPU
		{87013DC8-D032-465B-A950-753E4EB15502}.Release|x86.Build.0 = Release|Any CPU
		{2437965D-BBE4-4003-B8E0-88519FE52AAC}.Debug|Any CPU.ActiveCfg = Debug|Any CPU
		{2437965D-BBE4-4003-B8E0-88519FE52AAC}.Debug|Any CPU.Build.0 = Debug|Any CPU
		{2437965D-BBE4-4003-B8E0-88519FE52AAC}.Debug|Mixed Platforms.ActiveCfg = Debug|Any CPU
		{2437965D-BBE4-4003-B8E0-88519FE52AAC}.Debug|Mixed Platforms.Build.0 = Debug|Any CPU
		{2437965D-BBE4-4003-B8E0-88519FE52AAC}.Debug|x86.ActiveCfg = Debug|Any CPU
		{2437965D-BBE4-4003-B8E0-88519FE52AAC}.Debug|x86.Build.0 = Debug|Any CPU
		{2437965D-BBE4-4003-B8E0-88519FE52AAC}.Release|Any CPU.ActiveCfg = Release|Any CPU
		{2437965D-BBE4-4003-B8E0-88519FE52AAC}.Release|Any CPU.Build.0 = Release|Any CPU
		{2437965D-BBE4-4003-B8E0-88519FE52AAC}.Release|Mixed Platforms.ActiveCfg = Release|Any CPU
		{2437965D-BBE4-4003-B8E0-88519FE52AAC}.Release|Mixed Platforms.Build.0 = Release|Any CPU
		{2437965D-BBE4-4003-B8E0-88519FE52AAC}.Release|x86.ActiveCfg = Release|Any CPU
		{2437965D-BBE4-4003-B8E0-88519FE52AAC}.Release|x86.Build.0 = Release|Any CPU
		{2601EFE1-BCB4-4335-B6E3-BED9485C0261}.Debug|Any CPU.ActiveCfg = Debug|Any CPU
		{2601EFE1-BCB4-4335-B6E3-BED9485C0261}.Debug|Any CPU.Build.0 = Debug|Any CPU
		{2601EFE1-BCB4-4335-B6E3-BED9485C0261}.Debug|Mixed Platforms.ActiveCfg = Debug|Any CPU
		{2601EFE1-BCB4-4335-B6E3-BED9485C0261}.Debug|Mixed Platforms.Build.0 = Debug|Any CPU
		{2601EFE1-BCB4-4335-B6E3-BED9485C0261}.Debug|x86.ActiveCfg = Debug|Any CPU
		{2601EFE1-BCB4-4335-B6E3-BED9485C0261}.Debug|x86.Build.0 = Debug|Any CPU
		{2601EFE1-BCB4-4335-B6E3-BED9485C0261}.Release|Any CPU.ActiveCfg = Release|Any CPU
		{2601EFE1-BCB4-4335-B6E3-BED9485C0261}.Release|Any CPU.Build.0 = Release|Any CPU
		{2601EFE1-BCB4-4335-B6E3-BED9485C0261}.Release|Mixed Platforms.ActiveCfg = Release|Any CPU
		{2601EFE1-BCB4-4335-B6E3-BED9485C0261}.Release|Mixed Platforms.Build.0 = Release|Any CPU
		{2601EFE1-BCB4-4335-B6E3-BED9485C0261}.Release|x86.ActiveCfg = Release|Any CPU
		{2601EFE1-BCB4-4335-B6E3-BED9485C0261}.Release|x86.Build.0 = Release|Any CPU
		{6C8F487A-87B5-4713-9C99-B40BAAB5E743}.Debug|Any CPU.ActiveCfg = Debug|Any CPU
		{6C8F487A-87B5-4713-9C99-B40BAAB5E743}.Debug|Any CPU.Build.0 = Debug|Any CPU
		{6C8F487A-87B5-4713-9C99-B40BAAB5E743}.Debug|Mixed Platforms.ActiveCfg = Debug|Any CPU
		{6C8F487A-87B5-4713-9C99-B40BAAB5E743}.Debug|Mixed Platforms.Build.0 = Debug|Any CPU
		{6C8F487A-87B5-4713-9C99-B40BAAB5E743}.Debug|x86.ActiveCfg = Debug|Any CPU
		{6C8F487A-87B5-4713-9C99-B40BAAB5E743}.Debug|x86.Build.0 = Debug|Any CPU
		{6C8F487A-87B5-4713-9C99-B40BAAB5E743}.Release|Any CPU.ActiveCfg = Release|Any CPU
		{6C8F487A-87B5-4713-9C99-B40BAAB5E743}.Release|Any CPU.Build.0 = Release|Any CPU
		{6C8F487A-87B5-4713-9C99-B40BAAB5E743}.Release|Mixed Platforms.ActiveCfg = Release|Any CPU
		{6C8F487A-87B5-4713-9C99-B40BAAB5E743}.Release|Mixed Platforms.Build.0 = Release|Any CPU
		{6C8F487A-87B5-4713-9C99-B40BAAB5E743}.Release|x86.ActiveCfg = Release|Any CPU
		{6C8F487A-87B5-4713-9C99-B40BAAB5E743}.Release|x86.Build.0 = Release|Any CPU
		{11E47DF0-6497-4839-9FE4-8527CE64FA38}.Debug|Any CPU.ActiveCfg = Debug|Any CPU
		{11E47DF0-6497-4839-9FE4-8527CE64FA38}.Debug|Any CPU.Build.0 = Debug|Any CPU
		{11E47DF0-6497-4839-9FE4-8527CE64FA38}.Debug|Mixed Platforms.ActiveCfg = Debug|Any CPU
		{11E47DF0-6497-4839-9FE4-8527CE64FA38}.Debug|Mixed Platforms.Build.0 = Debug|Any CPU
		{11E47DF0-6497-4839-9FE4-8527CE64FA38}.Debug|x86.ActiveCfg = Debug|Any CPU
		{11E47DF0-6497-4839-9FE4-8527CE64FA38}.Debug|x86.Build.0 = Debug|Any CPU
		{11E47DF0-6497-4839-9FE4-8527CE64FA38}.Release|Any CPU.ActiveCfg = Release|Any CPU
		{11E47DF0-6497-4839-9FE4-8527CE64FA38}.Release|Any CPU.Build.0 = Release|Any CPU
		{11E47DF0-6497-4839-9FE4-8527CE64FA38}.Release|Mixed Platforms.ActiveCfg = Release|Any CPU
		{11E47DF0-6497-4839-9FE4-8527CE64FA38}.Release|Mixed Platforms.Build.0 = Release|Any CPU
		{11E47DF0-6497-4839-9FE4-8527CE64FA38}.Release|x86.ActiveCfg = Release|Any CPU
		{11E47DF0-6497-4839-9FE4-8527CE64FA38}.Release|x86.Build.0 = Release|Any CPU
		{BB28A22B-BBE7-4328-B89A-2E98A8BE90D3}.Debug|Any CPU.ActiveCfg = Debug|Any CPU
		{BB28A22B-BBE7-4328-B89A-2E98A8BE90D3}.Debug|Any CPU.Build.0 = Debug|Any CPU
		{BB28A22B-BBE7-4328-B89A-2E98A8BE90D3}.Debug|Mixed Platforms.ActiveCfg = Debug|Any CPU
		{BB28A22B-BBE7-4328-B89A-2E98A8BE90D3}.Debug|Mixed Platforms.Build.0 = Debug|Any CPU
		{BB28A22B-BBE7-4328-B89A-2E98A8BE90D3}.Debug|x86.ActiveCfg = Debug|Any CPU
		{BB28A22B-BBE7-4328-B89A-2E98A8BE90D3}.Debug|x86.Build.0 = Debug|Any CPU
		{BB28A22B-BBE7-4328-B89A-2E98A8BE90D3}.Release|Any CPU.ActiveCfg = Release|Any CPU
		{BB28A22B-BBE7-4328-B89A-2E98A8BE90D3}.Release|Any CPU.Build.0 = Release|Any CPU
		{BB28A22B-BBE7-4328-B89A-2E98A8BE90D3}.Release|Mixed Platforms.ActiveCfg = Release|Any CPU
		{BB28A22B-BBE7-4328-B89A-2E98A8BE90D3}.Release|Mixed Platforms.Build.0 = Release|Any CPU
		{BB28A22B-BBE7-4328-B89A-2E98A8BE90D3}.Release|x86.ActiveCfg = Release|Any CPU
		{BB28A22B-BBE7-4328-B89A-2E98A8BE90D3}.Release|x86.Build.0 = Release|Any CPU
		{2C028F10-7082-4122-A637-A717ACD8938D}.Debug|Any CPU.ActiveCfg = Debug|Any CPU
		{2C028F10-7082-4122-A637-A717ACD8938D}.Debug|Any CPU.Build.0 = Debug|Any CPU
		{2C028F10-7082-4122-A637-A717ACD8938D}.Debug|Mixed Platforms.ActiveCfg = Debug|Any CPU
		{2C028F10-7082-4122-A637-A717ACD8938D}.Debug|Mixed Platforms.Build.0 = Debug|Any CPU
		{2C028F10-7082-4122-A637-A717ACD8938D}.Debug|x86.ActiveCfg = Debug|Any CPU
		{2C028F10-7082-4122-A637-A717ACD8938D}.Debug|x86.Build.0 = Debug|Any CPU
		{2C028F10-7082-4122-A637-A717ACD8938D}.Release|Any CPU.ActiveCfg = Release|Any CPU
		{2C028F10-7082-4122-A637-A717ACD8938D}.Release|Any CPU.Build.0 = Release|Any CPU
		{2C028F10-7082-4122-A637-A717ACD8938D}.Release|Mixed Platforms.ActiveCfg = Release|Any CPU
		{2C028F10-7082-4122-A637-A717ACD8938D}.Release|Mixed Platforms.Build.0 = Release|Any CPU
		{2C028F10-7082-4122-A637-A717ACD8938D}.Release|x86.ActiveCfg = Release|Any CPU
		{2C028F10-7082-4122-A637-A717ACD8938D}.Release|x86.Build.0 = Release|Any CPU
		{3A6EABD9-5FA9-4A97-8115-4167087EB22B}.Debug|Any CPU.ActiveCfg = Debug|Any CPU
		{3A6EABD9-5FA9-4A97-8115-4167087EB22B}.Debug|Any CPU.Build.0 = Debug|Any CPU
		{3A6EABD9-5FA9-4A97-8115-4167087EB22B}.Debug|Mixed Platforms.ActiveCfg = Debug|Any CPU
		{3A6EABD9-5FA9-4A97-8115-4167087EB22B}.Debug|Mixed Platforms.Build.0 = Debug|Any CPU
		{3A6EABD9-5FA9-4A97-8115-4167087EB22B}.Debug|x86.ActiveCfg = Debug|Any CPU
		{3A6EABD9-5FA9-4A97-8115-4167087EB22B}.Debug|x86.Build.0 = Debug|Any CPU
		{3A6EABD9-5FA9-4A97-8115-4167087EB22B}.Release|Any CPU.ActiveCfg = Release|Any CPU
		{3A6EABD9-5FA9-4A97-8115-4167087EB22B}.Release|Any CPU.Build.0 = Release|Any CPU
		{3A6EABD9-5FA9-4A97-8115-4167087EB22B}.Release|Mixed Platforms.ActiveCfg = Release|Any CPU
		{3A6EABD9-5FA9-4A97-8115-4167087EB22B}.Release|Mixed Platforms.Build.0 = Release|Any CPU
		{3A6EABD9-5FA9-4A97-8115-4167087EB22B}.Release|x86.ActiveCfg = Release|Any CPU
		{3A6EABD9-5FA9-4A97-8115-4167087EB22B}.Release|x86.Build.0 = Release|Any CPU
		{EF6F28E6-2E95-45A1-9B3F-682120E1D926}.Debug|Any CPU.ActiveCfg = Debug|Any CPU
		{EF6F28E6-2E95-45A1-9B3F-682120E1D926}.Debug|Any CPU.Build.0 = Debug|Any CPU
		{EF6F28E6-2E95-45A1-9B3F-682120E1D926}.Debug|Mixed Platforms.ActiveCfg = Debug|Any CPU
		{EF6F28E6-2E95-45A1-9B3F-682120E1D926}.Debug|Mixed Platforms.Build.0 = Debug|Any CPU
		{EF6F28E6-2E95-45A1-9B3F-682120E1D926}.Debug|x86.ActiveCfg = Debug|Any CPU
		{EF6F28E6-2E95-45A1-9B3F-682120E1D926}.Debug|x86.Build.0 = Debug|Any CPU
		{EF6F28E6-2E95-45A1-9B3F-682120E1D926}.Release|Any CPU.ActiveCfg = Release|Any CPU
		{EF6F28E6-2E95-45A1-9B3F-682120E1D926}.Release|Any CPU.Build.0 = Release|Any CPU
		{EF6F28E6-2E95-45A1-9B3F-682120E1D926}.Release|Mixed Platforms.ActiveCfg = Release|Any CPU
		{EF6F28E6-2E95-45A1-9B3F-682120E1D926}.Release|Mixed Platforms.Build.0 = Release|Any CPU
		{EF6F28E6-2E95-45A1-9B3F-682120E1D926}.Release|x86.ActiveCfg = Release|Any CPU
		{EF6F28E6-2E95-45A1-9B3F-682120E1D926}.Release|x86.Build.0 = Release|Any CPU
		{2EDE7346-ADFE-40C7-A333-49F25D470AF3}.Debug|Any CPU.ActiveCfg = Debug|Any CPU
		{2EDE7346-ADFE-40C7-A333-49F25D470AF3}.Debug|Any CPU.Build.0 = Debug|Any CPU
		{2EDE7346-ADFE-40C7-A333-49F25D470AF3}.Debug|Mixed Platforms.ActiveCfg = Debug|Any CPU
		{2EDE7346-ADFE-40C7-A333-49F25D470AF3}.Debug|Mixed Platforms.Build.0 = Debug|Any CPU
		{2EDE7346-ADFE-40C7-A333-49F25D470AF3}.Debug|x86.ActiveCfg = Debug|Any CPU
		{2EDE7346-ADFE-40C7-A333-49F25D470AF3}.Debug|x86.Build.0 = Debug|Any CPU
		{2EDE7346-ADFE-40C7-A333-49F25D470AF3}.Release|Any CPU.ActiveCfg = Release|Any CPU
		{2EDE7346-ADFE-40C7-A333-49F25D470AF3}.Release|Any CPU.Build.0 = Release|Any CPU
		{2EDE7346-ADFE-40C7-A333-49F25D470AF3}.Release|Mixed Platforms.ActiveCfg = Release|Any CPU
		{2EDE7346-ADFE-40C7-A333-49F25D470AF3}.Release|Mixed Platforms.Build.0 = Release|Any CPU
		{2EDE7346-ADFE-40C7-A333-49F25D470AF3}.Release|x86.ActiveCfg = Release|Any CPU
		{2EDE7346-ADFE-40C7-A333-49F25D470AF3}.Release|x86.Build.0 = Release|Any CPU
		{22D0D5A3-7E91-42E0-8023-64A4E39DFD0E}.Debug|Any CPU.ActiveCfg = Debug|Any CPU
		{22D0D5A3-7E91-42E0-8023-64A4E39DFD0E}.Debug|Any CPU.Build.0 = Debug|Any CPU
		{22D0D5A3-7E91-42E0-8023-64A4E39DFD0E}.Debug|Mixed Platforms.ActiveCfg = Debug|Any CPU
		{22D0D5A3-7E91-42E0-8023-64A4E39DFD0E}.Debug|Mixed Platforms.Build.0 = Debug|Any CPU
		{22D0D5A3-7E91-42E0-8023-64A4E39DFD0E}.Debug|x86.ActiveCfg = Debug|Any CPU
		{22D0D5A3-7E91-42E0-8023-64A4E39DFD0E}.Debug|x86.Build.0 = Debug|Any CPU
		{22D0D5A3-7E91-42E0-8023-64A4E39DFD0E}.Release|Any CPU.ActiveCfg = Release|Any CPU
		{22D0D5A3-7E91-42E0-8023-64A4E39DFD0E}.Release|Any CPU.Build.0 = Release|Any CPU
		{22D0D5A3-7E91-42E0-8023-64A4E39DFD0E}.Release|Mixed Platforms.ActiveCfg = Release|Any CPU
		{22D0D5A3-7E91-42E0-8023-64A4E39DFD0E}.Release|Mixed Platforms.Build.0 = Release|Any CPU
		{22D0D5A3-7E91-42E0-8023-64A4E39DFD0E}.Release|x86.ActiveCfg = Release|Any CPU
		{22D0D5A3-7E91-42E0-8023-64A4E39DFD0E}.Release|x86.Build.0 = Release|Any CPU
		{35095236-CD88-4C47-87A2-CCF393886EAD}.Debug|Any CPU.ActiveCfg = Debug|Any CPU
		{35095236-CD88-4C47-87A2-CCF393886EAD}.Debug|Any CPU.Build.0 = Debug|Any CPU
		{35095236-CD88-4C47-87A2-CCF393886EAD}.Debug|Mixed Platforms.ActiveCfg = Debug|Any CPU
		{35095236-CD88-4C47-87A2-CCF393886EAD}.Debug|Mixed Platforms.Build.0 = Debug|Any CPU
		{35095236-CD88-4C47-87A2-CCF393886EAD}.Debug|x86.ActiveCfg = Debug|Any CPU
		{35095236-CD88-4C47-87A2-CCF393886EAD}.Debug|x86.Build.0 = Debug|Any CPU
		{35095236-CD88-4C47-87A2-CCF393886EAD}.Release|Any CPU.ActiveCfg = Release|Any CPU
		{35095236-CD88-4C47-87A2-CCF393886EAD}.Release|Any CPU.Build.0 = Release|Any CPU
		{35095236-CD88-4C47-87A2-CCF393886EAD}.Release|Mixed Platforms.ActiveCfg = Release|Any CPU
		{35095236-CD88-4C47-87A2-CCF393886EAD}.Release|Mixed Platforms.Build.0 = Release|Any CPU
		{35095236-CD88-4C47-87A2-CCF393886EAD}.Release|x86.ActiveCfg = Release|Any CPU
		{35095236-CD88-4C47-87A2-CCF393886EAD}.Release|x86.Build.0 = Release|Any CPU
		{6F3CAC00-660D-43BA-B0DE-E7127DB8C208}.Debug|Any CPU.ActiveCfg = Debug|Any CPU
		{6F3CAC00-660D-43BA-B0DE-E7127DB8C208}.Debug|Any CPU.Build.0 = Debug|Any CPU
		{6F3CAC00-660D-43BA-B0DE-E7127DB8C208}.Debug|Mixed Platforms.ActiveCfg = Debug|Any CPU
		{6F3CAC00-660D-43BA-B0DE-E7127DB8C208}.Debug|Mixed Platforms.Build.0 = Debug|Any CPU
		{6F3CAC00-660D-43BA-B0DE-E7127DB8C208}.Debug|x86.ActiveCfg = Debug|Any CPU
		{6F3CAC00-660D-43BA-B0DE-E7127DB8C208}.Debug|x86.Build.0 = Debug|Any CPU
		{6F3CAC00-660D-43BA-B0DE-E7127DB8C208}.Release|Any CPU.ActiveCfg = Release|Any CPU
		{6F3CAC00-660D-43BA-B0DE-E7127DB8C208}.Release|Any CPU.Build.0 = Release|Any CPU
		{6F3CAC00-660D-43BA-B0DE-E7127DB8C208}.Release|Mixed Platforms.ActiveCfg = Release|Any CPU
		{6F3CAC00-660D-43BA-B0DE-E7127DB8C208}.Release|Mixed Platforms.Build.0 = Release|Any CPU
		{6F3CAC00-660D-43BA-B0DE-E7127DB8C208}.Release|x86.ActiveCfg = Release|Any CPU
		{6F3CAC00-660D-43BA-B0DE-E7127DB8C208}.Release|x86.Build.0 = Release|Any CPU
		{43FF0F5E-4674-4C32-80A3-2C252133D2A5}.Debug|Any CPU.ActiveCfg = Debug|Any CPU
		{43FF0F5E-4674-4C32-80A3-2C252133D2A5}.Debug|Any CPU.Build.0 = Debug|Any CPU
		{43FF0F5E-4674-4C32-80A3-2C252133D2A5}.Debug|Mixed Platforms.ActiveCfg = Debug|Any CPU
		{43FF0F5E-4674-4C32-80A3-2C252133D2A5}.Debug|Mixed Platforms.Build.0 = Debug|Any CPU
		{43FF0F5E-4674-4C32-80A3-2C252133D2A5}.Debug|x86.ActiveCfg = Debug|Any CPU
		{43FF0F5E-4674-4C32-80A3-2C252133D2A5}.Debug|x86.Build.0 = Debug|Any CPU
		{43FF0F5E-4674-4C32-80A3-2C252133D2A5}.Release|Any CPU.ActiveCfg = Release|Any CPU
		{43FF0F5E-4674-4C32-80A3-2C252133D2A5}.Release|Any CPU.Build.0 = Release|Any CPU
		{43FF0F5E-4674-4C32-80A3-2C252133D2A5}.Release|Mixed Platforms.ActiveCfg = Release|Any CPU
		{43FF0F5E-4674-4C32-80A3-2C252133D2A5}.Release|Mixed Platforms.Build.0 = Release|Any CPU
		{43FF0F5E-4674-4C32-80A3-2C252133D2A5}.Release|x86.ActiveCfg = Release|Any CPU
		{43FF0F5E-4674-4C32-80A3-2C252133D2A5}.Release|x86.Build.0 = Release|Any CPU
		{2EF2E35D-3280-42DD-BACF-C92B709A5057}.Debug|Any CPU.ActiveCfg = Debug|Any CPU
		{2EF2E35D-3280-42DD-BACF-C92B709A5057}.Debug|Any CPU.Build.0 = Debug|Any CPU
		{2EF2E35D-3280-42DD-BACF-C92B709A5057}.Debug|Mixed Platforms.ActiveCfg = Debug|Any CPU
		{2EF2E35D-3280-42DD-BACF-C92B709A5057}.Debug|Mixed Platforms.Build.0 = Debug|Any CPU
		{2EF2E35D-3280-42DD-BACF-C92B709A5057}.Debug|x86.ActiveCfg = Debug|Any CPU
		{2EF2E35D-3280-42DD-BACF-C92B709A5057}.Debug|x86.Build.0 = Debug|Any CPU
		{2EF2E35D-3280-42DD-BACF-C92B709A5057}.Release|Any CPU.ActiveCfg = Release|Any CPU
		{2EF2E35D-3280-42DD-BACF-C92B709A5057}.Release|Any CPU.Build.0 = Release|Any CPU
		{2EF2E35D-3280-42DD-BACF-C92B709A5057}.Release|Mixed Platforms.ActiveCfg = Release|Any CPU
		{2EF2E35D-3280-42DD-BACF-C92B709A5057}.Release|Mixed Platforms.Build.0 = Release|Any CPU
		{2EF2E35D-3280-42DD-BACF-C92B709A5057}.Release|x86.ActiveCfg = Release|Any CPU
		{2EF2E35D-3280-42DD-BACF-C92B709A5057}.Release|x86.Build.0 = Release|Any CPU
		{A7C71771-273C-4201-8CC9-7BCA909F71C4}.Debug|Any CPU.ActiveCfg = Debug|Any CPU
		{A7C71771-273C-4201-8CC9-7BCA909F71C4}.Debug|Any CPU.Build.0 = Debug|Any CPU
		{A7C71771-273C-4201-8CC9-7BCA909F71C4}.Debug|Mixed Platforms.ActiveCfg = Debug|Any CPU
		{A7C71771-273C-4201-8CC9-7BCA909F71C4}.Debug|Mixed Platforms.Build.0 = Debug|Any CPU
		{A7C71771-273C-4201-8CC9-7BCA909F71C4}.Debug|x86.ActiveCfg = Debug|Any CPU
		{A7C71771-273C-4201-8CC9-7BCA909F71C4}.Debug|x86.Build.0 = Debug|Any CPU
		{A7C71771-273C-4201-8CC9-7BCA909F71C4}.Release|Any CPU.ActiveCfg = Release|Any CPU
		{A7C71771-273C-4201-8CC9-7BCA909F71C4}.Release|Any CPU.Build.0 = Release|Any CPU
		{A7C71771-273C-4201-8CC9-7BCA909F71C4}.Release|Mixed Platforms.ActiveCfg = Release|Any CPU
		{A7C71771-273C-4201-8CC9-7BCA909F71C4}.Release|Mixed Platforms.Build.0 = Release|Any CPU
		{A7C71771-273C-4201-8CC9-7BCA909F71C4}.Release|x86.ActiveCfg = Release|Any CPU
		{A7C71771-273C-4201-8CC9-7BCA909F71C4}.Release|x86.Build.0 = Release|Any CPU
		{A29F4A18-8CCE-4AF5-87C4-7E3C28D7FBF0}.Debug|Any CPU.ActiveCfg = Debug|Any CPU
		{A29F4A18-8CCE-4AF5-87C4-7E3C28D7FBF0}.Debug|Any CPU.Build.0 = Debug|Any CPU
		{A29F4A18-8CCE-4AF5-87C4-7E3C28D7FBF0}.Debug|Mixed Platforms.ActiveCfg = Debug|Any CPU
		{A29F4A18-8CCE-4AF5-87C4-7E3C28D7FBF0}.Debug|Mixed Platforms.Build.0 = Debug|Any CPU
		{A29F4A18-8CCE-4AF5-87C4-7E3C28D7FBF0}.Debug|x86.ActiveCfg = Debug|Any CPU
		{A29F4A18-8CCE-4AF5-87C4-7E3C28D7FBF0}.Debug|x86.Build.0 = Debug|Any CPU
		{A29F4A18-8CCE-4AF5-87C4-7E3C28D7FBF0}.Release|Any CPU.ActiveCfg = Release|Any CPU
		{A29F4A18-8CCE-4AF5-87C4-7E3C28D7FBF0}.Release|Any CPU.Build.0 = Release|Any CPU
		{A29F4A18-8CCE-4AF5-87C4-7E3C28D7FBF0}.Release|Mixed Platforms.ActiveCfg = Release|Any CPU
		{A29F4A18-8CCE-4AF5-87C4-7E3C28D7FBF0}.Release|Mixed Platforms.Build.0 = Release|Any CPU
		{A29F4A18-8CCE-4AF5-87C4-7E3C28D7FBF0}.Release|x86.ActiveCfg = Release|Any CPU
		{A29F4A18-8CCE-4AF5-87C4-7E3C28D7FBF0}.Release|x86.Build.0 = Release|Any CPU
		{8852C945-A18B-4E33-B26F-D97EBF01B03E}.Debug|Any CPU.ActiveCfg = Debug|Any CPU
		{8852C945-A18B-4E33-B26F-D97EBF01B03E}.Debug|Any CPU.Build.0 = Debug|Any CPU
		{8852C945-A18B-4E33-B26F-D97EBF01B03E}.Debug|Mixed Platforms.ActiveCfg = Debug|Any CPU
		{8852C945-A18B-4E33-B26F-D97EBF01B03E}.Debug|Mixed Platforms.Build.0 = Debug|Any CPU
		{8852C945-A18B-4E33-B26F-D97EBF01B03E}.Debug|x86.ActiveCfg = Debug|Any CPU
		{8852C945-A18B-4E33-B26F-D97EBF01B03E}.Debug|x86.Build.0 = Debug|Any CPU
		{8852C945-A18B-4E33-B26F-D97EBF01B03E}.Release|Any CPU.ActiveCfg = Release|Any CPU
		{8852C945-A18B-4E33-B26F-D97EBF01B03E}.Release|Any CPU.Build.0 = Release|Any CPU
		{8852C945-A18B-4E33-B26F-D97EBF01B03E}.Release|Mixed Platforms.ActiveCfg = Release|Any CPU
		{8852C945-A18B-4E33-B26F-D97EBF01B03E}.Release|Mixed Platforms.Build.0 = Release|Any CPU
		{8852C945-A18B-4E33-B26F-D97EBF01B03E}.Release|x86.ActiveCfg = Release|Any CPU
		{8852C945-A18B-4E33-B26F-D97EBF01B03E}.Release|x86.Build.0 = Release|Any CPU
		{89BEA262-7032-4CC7-8BAB-8556EAF4746C}.Debug|Any CPU.ActiveCfg = Debug|Any CPU
		{89BEA262-7032-4CC7-8BAB-8556EAF4746C}.Debug|Any CPU.Build.0 = Debug|Any CPU
		{89BEA262-7032-4CC7-8BAB-8556EAF4746C}.Debug|Mixed Platforms.ActiveCfg = Debug|Any CPU
		{89BEA262-7032-4CC7-8BAB-8556EAF4746C}.Debug|Mixed Platforms.Build.0 = Debug|Any CPU
		{89BEA262-7032-4CC7-8BAB-8556EAF4746C}.Debug|x86.ActiveCfg = Debug|Any CPU
		{89BEA262-7032-4CC7-8BAB-8556EAF4746C}.Debug|x86.Build.0 = Debug|Any CPU
		{89BEA262-7032-4CC7-8BAB-8556EAF4746C}.Release|Any CPU.ActiveCfg = Release|Any CPU
		{89BEA262-7032-4CC7-8BAB-8556EAF4746C}.Release|Any CPU.Build.0 = Release|Any CPU
		{89BEA262-7032-4CC7-8BAB-8556EAF4746C}.Release|Mixed Platforms.ActiveCfg = Release|Any CPU
		{89BEA262-7032-4CC7-8BAB-8556EAF4746C}.Release|Mixed Platforms.Build.0 = Release|Any CPU
		{89BEA262-7032-4CC7-8BAB-8556EAF4746C}.Release|x86.ActiveCfg = Release|Any CPU
		{89BEA262-7032-4CC7-8BAB-8556EAF4746C}.Release|x86.Build.0 = Release|Any CPU
		{FDE2D908-1F77-4851-9254-2F8F66A579F3}.Debug|Any CPU.ActiveCfg = Debug|Any CPU
		{FDE2D908-1F77-4851-9254-2F8F66A579F3}.Debug|Any CPU.Build.0 = Debug|Any CPU
		{FDE2D908-1F77-4851-9254-2F8F66A579F3}.Debug|Mixed Platforms.ActiveCfg = Debug|Any CPU
		{FDE2D908-1F77-4851-9254-2F8F66A579F3}.Debug|Mixed Platforms.Build.0 = Debug|Any CPU
		{FDE2D908-1F77-4851-9254-2F8F66A579F3}.Debug|x86.ActiveCfg = Debug|Any CPU
		{FDE2D908-1F77-4851-9254-2F8F66A579F3}.Debug|x86.Build.0 = Debug|Any CPU
		{FDE2D908-1F77-4851-9254-2F8F66A579F3}.Release|Any CPU.ActiveCfg = Release|Any CPU
		{FDE2D908-1F77-4851-9254-2F8F66A579F3}.Release|Any CPU.Build.0 = Release|Any CPU
		{FDE2D908-1F77-4851-9254-2F8F66A579F3}.Release|Mixed Platforms.ActiveCfg = Release|Any CPU
		{FDE2D908-1F77-4851-9254-2F8F66A579F3}.Release|Mixed Platforms.Build.0 = Release|Any CPU
		{FDE2D908-1F77-4851-9254-2F8F66A579F3}.Release|x86.ActiveCfg = Release|Any CPU
		{FDE2D908-1F77-4851-9254-2F8F66A579F3}.Release|x86.Build.0 = Release|Any CPU
		{92CB6937-54FD-4538-A438-9BC5542A39E6}.Debug|Any CPU.ActiveCfg = Debug|Any CPU
		{92CB6937-54FD-4538-A438-9BC5542A39E6}.Debug|Any CPU.Build.0 = Debug|Any CPU
		{92CB6937-54FD-4538-A438-9BC5542A39E6}.Debug|Mixed Platforms.ActiveCfg = Debug|Any CPU
		{92CB6937-54FD-4538-A438-9BC5542A39E6}.Debug|Mixed Platforms.Build.0 = Debug|Any CPU
		{92CB6937-54FD-4538-A438-9BC5542A39E6}.Debug|x86.ActiveCfg = Debug|Any CPU
		{92CB6937-54FD-4538-A438-9BC5542A39E6}.Debug|x86.Build.0 = Debug|Any CPU
		{92CB6937-54FD-4538-A438-9BC5542A39E6}.Release|Any CPU.ActiveCfg = Release|Any CPU
		{92CB6937-54FD-4538-A438-9BC5542A39E6}.Release|Any CPU.Build.0 = Release|Any CPU
		{92CB6937-54FD-4538-A438-9BC5542A39E6}.Release|Mixed Platforms.ActiveCfg = Release|Any CPU
		{92CB6937-54FD-4538-A438-9BC5542A39E6}.Release|Mixed Platforms.Build.0 = Release|Any CPU
		{92CB6937-54FD-4538-A438-9BC5542A39E6}.Release|x86.ActiveCfg = Release|Any CPU
		{92CB6937-54FD-4538-A438-9BC5542A39E6}.Release|x86.Build.0 = Release|Any CPU
		{BD289757-3378-41C1-80CF-15D9FF6DBC7A}.Debug|Any CPU.ActiveCfg = Debug|Any CPU
		{BD289757-3378-41C1-80CF-15D9FF6DBC7A}.Debug|Any CPU.Build.0 = Debug|Any CPU
		{BD289757-3378-41C1-80CF-15D9FF6DBC7A}.Debug|Mixed Platforms.ActiveCfg = Debug|Any CPU
		{BD289757-3378-41C1-80CF-15D9FF6DBC7A}.Debug|Mixed Platforms.Build.0 = Debug|Any CPU
		{BD289757-3378-41C1-80CF-15D9FF6DBC7A}.Debug|x86.ActiveCfg = Debug|Any CPU
		{BD289757-3378-41C1-80CF-15D9FF6DBC7A}.Debug|x86.Build.0 = Debug|Any CPU
		{BD289757-3378-41C1-80CF-15D9FF6DBC7A}.Release|Any CPU.ActiveCfg = Release|Any CPU
		{BD289757-3378-41C1-80CF-15D9FF6DBC7A}.Release|Any CPU.Build.0 = Release|Any CPU
		{BD289757-3378-41C1-80CF-15D9FF6DBC7A}.Release|Mixed Platforms.ActiveCfg = Release|Any CPU
		{BD289757-3378-41C1-80CF-15D9FF6DBC7A}.Release|Mixed Platforms.Build.0 = Release|Any CPU
		{BD289757-3378-41C1-80CF-15D9FF6DBC7A}.Release|x86.ActiveCfg = Release|Any CPU
		{BD289757-3378-41C1-80CF-15D9FF6DBC7A}.Release|x86.Build.0 = Release|Any CPU
		{0DDA1FE6-089C-4DF0-AA98-363DD517CC8B}.Debug|Any CPU.ActiveCfg = Debug|Any CPU
		{0DDA1FE6-089C-4DF0-AA98-363DD517CC8B}.Debug|Any CPU.Build.0 = Debug|Any CPU
		{0DDA1FE6-089C-4DF0-AA98-363DD517CC8B}.Debug|Mixed Platforms.ActiveCfg = Debug|Any CPU
		{0DDA1FE6-089C-4DF0-AA98-363DD517CC8B}.Debug|Mixed Platforms.Build.0 = Debug|Any CPU
		{0DDA1FE6-089C-4DF0-AA98-363DD517CC8B}.Debug|x86.ActiveCfg = Debug|Any CPU
		{0DDA1FE6-089C-4DF0-AA98-363DD517CC8B}.Debug|x86.Build.0 = Debug|Any CPU
		{0DDA1FE6-089C-4DF0-AA98-363DD517CC8B}.Release|Any CPU.ActiveCfg = Release|Any CPU
		{0DDA1FE6-089C-4DF0-AA98-363DD517CC8B}.Release|Any CPU.Build.0 = Release|Any CPU
		{0DDA1FE6-089C-4DF0-AA98-363DD517CC8B}.Release|Mixed Platforms.ActiveCfg = Release|Any CPU
		{0DDA1FE6-089C-4DF0-AA98-363DD517CC8B}.Release|Mixed Platforms.Build.0 = Release|Any CPU
		{0DDA1FE6-089C-4DF0-AA98-363DD517CC8B}.Release|x86.ActiveCfg = Release|Any CPU
		{0DDA1FE6-089C-4DF0-AA98-363DD517CC8B}.Release|x86.Build.0 = Release|Any CPU
		{B0C37BE4-9C19-418F-8ABE-28D9C8D11A23}.Debug|Any CPU.ActiveCfg = Debug|Any CPU
		{B0C37BE4-9C19-418F-8ABE-28D9C8D11A23}.Debug|Any CPU.Build.0 = Debug|Any CPU
		{B0C37BE4-9C19-418F-8ABE-28D9C8D11A23}.Debug|Mixed Platforms.ActiveCfg = Debug|Any CPU
		{B0C37BE4-9C19-418F-8ABE-28D9C8D11A23}.Debug|Mixed Platforms.Build.0 = Debug|Any CPU
		{B0C37BE4-9C19-418F-8ABE-28D9C8D11A23}.Debug|x86.ActiveCfg = Debug|Any CPU
		{B0C37BE4-9C19-418F-8ABE-28D9C8D11A23}.Debug|x86.Build.0 = Debug|Any CPU
		{B0C37BE4-9C19-418F-8ABE-28D9C8D11A23}.Release|Any CPU.ActiveCfg = Release|Any CPU
		{B0C37BE4-9C19-418F-8ABE-28D9C8D11A23}.Release|Any CPU.Build.0 = Release|Any CPU
		{B0C37BE4-9C19-418F-8ABE-28D9C8D11A23}.Release|Mixed Platforms.ActiveCfg = Release|Any CPU
		{B0C37BE4-9C19-418F-8ABE-28D9C8D11A23}.Release|Mixed Platforms.Build.0 = Release|Any CPU
		{B0C37BE4-9C19-418F-8ABE-28D9C8D11A23}.Release|x86.ActiveCfg = Release|Any CPU
		{B0C37BE4-9C19-418F-8ABE-28D9C8D11A23}.Release|x86.Build.0 = Release|Any CPU
		{0C7449F1-0C99-46AA-9A19-452F236BFCD6}.Debug|Any CPU.ActiveCfg = Debug|Any CPU
		{0C7449F1-0C99-46AA-9A19-452F236BFCD6}.Debug|Any CPU.Build.0 = Debug|Any CPU
		{0C7449F1-0C99-46AA-9A19-452F236BFCD6}.Debug|Mixed Platforms.ActiveCfg = Debug|Any CPU
		{0C7449F1-0C99-46AA-9A19-452F236BFCD6}.Debug|Mixed Platforms.Build.0 = Debug|Any CPU
		{0C7449F1-0C99-46AA-9A19-452F236BFCD6}.Debug|x86.ActiveCfg = Debug|Any CPU
		{0C7449F1-0C99-46AA-9A19-452F236BFCD6}.Debug|x86.Build.0 = Debug|Any CPU
		{0C7449F1-0C99-46AA-9A19-452F236BFCD6}.Release|Any CPU.ActiveCfg = Release|Any CPU
		{0C7449F1-0C99-46AA-9A19-452F236BFCD6}.Release|Any CPU.Build.0 = Release|Any CPU
		{0C7449F1-0C99-46AA-9A19-452F236BFCD6}.Release|Mixed Platforms.ActiveCfg = Release|Any CPU
		{0C7449F1-0C99-46AA-9A19-452F236BFCD6}.Release|Mixed Platforms.Build.0 = Release|Any CPU
		{0C7449F1-0C99-46AA-9A19-452F236BFCD6}.Release|x86.ActiveCfg = Release|Any CPU
		{0C7449F1-0C99-46AA-9A19-452F236BFCD6}.Release|x86.Build.0 = Release|Any CPU
		{B92ACB79-1EBC-4AA8-9503-B15094FC9968}.Debug|Any CPU.ActiveCfg = Debug|Any CPU
		{B92ACB79-1EBC-4AA8-9503-B15094FC9968}.Debug|Any CPU.Build.0 = Debug|Any CPU
		{B92ACB79-1EBC-4AA8-9503-B15094FC9968}.Debug|Mixed Platforms.ActiveCfg = Debug|Any CPU
		{B92ACB79-1EBC-4AA8-9503-B15094FC9968}.Debug|Mixed Platforms.Build.0 = Debug|Any CPU
		{B92ACB79-1EBC-4AA8-9503-B15094FC9968}.Debug|x86.ActiveCfg = Debug|Any CPU
		{B92ACB79-1EBC-4AA8-9503-B15094FC9968}.Debug|x86.Build.0 = Debug|Any CPU
		{B92ACB79-1EBC-4AA8-9503-B15094FC9968}.Release|Any CPU.ActiveCfg = Release|Any CPU
		{B92ACB79-1EBC-4AA8-9503-B15094FC9968}.Release|Any CPU.Build.0 = Release|Any CPU
		{B92ACB79-1EBC-4AA8-9503-B15094FC9968}.Release|Mixed Platforms.ActiveCfg = Release|Any CPU
		{B92ACB79-1EBC-4AA8-9503-B15094FC9968}.Release|Mixed Platforms.Build.0 = Release|Any CPU
		{B92ACB79-1EBC-4AA8-9503-B15094FC9968}.Release|x86.ActiveCfg = Release|Any CPU
		{B92ACB79-1EBC-4AA8-9503-B15094FC9968}.Release|x86.Build.0 = Release|Any CPU
		{79647C9F-2DD3-45F5-925D-04C28642AD33}.Debug|Any CPU.ActiveCfg = Debug|Any CPU
		{79647C9F-2DD3-45F5-925D-04C28642AD33}.Debug|Any CPU.Build.0 = Debug|Any CPU
		{79647C9F-2DD3-45F5-925D-04C28642AD33}.Debug|Mixed Platforms.ActiveCfg = Debug|Any CPU
		{79647C9F-2DD3-45F5-925D-04C28642AD33}.Debug|Mixed Platforms.Build.0 = Debug|Any CPU
		{79647C9F-2DD3-45F5-925D-04C28642AD33}.Debug|x86.ActiveCfg = Debug|Any CPU
		{79647C9F-2DD3-45F5-925D-04C28642AD33}.Debug|x86.Build.0 = Debug|Any CPU
		{79647C9F-2DD3-45F5-925D-04C28642AD33}.Release|Any CPU.ActiveCfg = Release|Any CPU
		{79647C9F-2DD3-45F5-925D-04C28642AD33}.Release|Any CPU.Build.0 = Release|Any CPU
		{79647C9F-2DD3-45F5-925D-04C28642AD33}.Release|Mixed Platforms.ActiveCfg = Release|Any CPU
		{79647C9F-2DD3-45F5-925D-04C28642AD33}.Release|Mixed Platforms.Build.0 = Release|Any CPU
		{79647C9F-2DD3-45F5-925D-04C28642AD33}.Release|x86.ActiveCfg = Release|Any CPU
		{79647C9F-2DD3-45F5-925D-04C28642AD33}.Release|x86.Build.0 = Release|Any CPU
		{7A04BC6B-F627-4C18-AD2D-484799F67EED}.Debug|Any CPU.ActiveCfg = Debug|Any CPU
		{7A04BC6B-F627-4C18-AD2D-484799F67EED}.Debug|Any CPU.Build.0 = Debug|Any CPU
		{7A04BC6B-F627-4C18-AD2D-484799F67EED}.Debug|Mixed Platforms.ActiveCfg = Debug|Any CPU
		{7A04BC6B-F627-4C18-AD2D-484799F67EED}.Debug|Mixed Platforms.Build.0 = Debug|Any CPU
		{7A04BC6B-F627-4C18-AD2D-484799F67EED}.Debug|x86.ActiveCfg = Debug|Any CPU
		{7A04BC6B-F627-4C18-AD2D-484799F67EED}.Debug|x86.Build.0 = Debug|Any CPU
		{7A04BC6B-F627-4C18-AD2D-484799F67EED}.Release|Any CPU.ActiveCfg = Release|Any CPU
		{7A04BC6B-F627-4C18-AD2D-484799F67EED}.Release|Any CPU.Build.0 = Release|Any CPU
		{7A04BC6B-F627-4C18-AD2D-484799F67EED}.Release|Mixed Platforms.ActiveCfg = Release|Any CPU
		{7A04BC6B-F627-4C18-AD2D-484799F67EED}.Release|Mixed Platforms.Build.0 = Release|Any CPU
		{7A04BC6B-F627-4C18-AD2D-484799F67EED}.Release|x86.ActiveCfg = Release|Any CPU
		{7A04BC6B-F627-4C18-AD2D-484799F67EED}.Release|x86.Build.0 = Release|Any CPU
		{EECAF629-0153-416F-A1A5-8A66C1037DCD}.Debug|Any CPU.ActiveCfg = Debug|Any CPU
		{EECAF629-0153-416F-A1A5-8A66C1037DCD}.Debug|Any CPU.Build.0 = Debug|Any CPU
		{EECAF629-0153-416F-A1A5-8A66C1037DCD}.Debug|Mixed Platforms.ActiveCfg = Debug|Any CPU
		{EECAF629-0153-416F-A1A5-8A66C1037DCD}.Debug|Mixed Platforms.Build.0 = Debug|Any CPU
		{EECAF629-0153-416F-A1A5-8A66C1037DCD}.Debug|x86.ActiveCfg = Debug|Any CPU
		{EECAF629-0153-416F-A1A5-8A66C1037DCD}.Debug|x86.Build.0 = Debug|Any CPU
		{EECAF629-0153-416F-A1A5-8A66C1037DCD}.Release|Any CPU.ActiveCfg = Release|Any CPU
		{EECAF629-0153-416F-A1A5-8A66C1037DCD}.Release|Any CPU.Build.0 = Release|Any CPU
		{EECAF629-0153-416F-A1A5-8A66C1037DCD}.Release|Mixed Platforms.ActiveCfg = Release|Any CPU
		{EECAF629-0153-416F-A1A5-8A66C1037DCD}.Release|Mixed Platforms.Build.0 = Release|Any CPU
		{EECAF629-0153-416F-A1A5-8A66C1037DCD}.Release|x86.ActiveCfg = Release|Any CPU
		{EECAF629-0153-416F-A1A5-8A66C1037DCD}.Release|x86.Build.0 = Release|Any CPU
		{1BA0A10B-FA63-4282-880B-2F8E06957AAB}.Debug|Any CPU.ActiveCfg = Debug|Any CPU
		{1BA0A10B-FA63-4282-880B-2F8E06957AAB}.Debug|Any CPU.Build.0 = Debug|Any CPU
		{1BA0A10B-FA63-4282-880B-2F8E06957AAB}.Debug|Mixed Platforms.ActiveCfg = Debug|Any CPU
		{1BA0A10B-FA63-4282-880B-2F8E06957AAB}.Debug|Mixed Platforms.Build.0 = Debug|Any CPU
		{1BA0A10B-FA63-4282-880B-2F8E06957AAB}.Debug|x86.ActiveCfg = Debug|Any CPU
		{1BA0A10B-FA63-4282-880B-2F8E06957AAB}.Debug|x86.Build.0 = Debug|Any CPU
		{1BA0A10B-FA63-4282-880B-2F8E06957AAB}.Release|Any CPU.ActiveCfg = Release|Any CPU
		{1BA0A10B-FA63-4282-880B-2F8E06957AAB}.Release|Any CPU.Build.0 = Release|Any CPU
		{1BA0A10B-FA63-4282-880B-2F8E06957AAB}.Release|Mixed Platforms.ActiveCfg = Release|Any CPU
		{1BA0A10B-FA63-4282-880B-2F8E06957AAB}.Release|Mixed Platforms.Build.0 = Release|Any CPU
		{1BA0A10B-FA63-4282-880B-2F8E06957AAB}.Release|x86.ActiveCfg = Release|Any CPU
		{1BA0A10B-FA63-4282-880B-2F8E06957AAB}.Release|x86.Build.0 = Release|Any CPU
		{0D61110D-5D62-45FB-9A71-8DD62BFE9234}.Debug|Any CPU.ActiveCfg = Debug|Any CPU
		{0D61110D-5D62-45FB-9A71-8DD62BFE9234}.Debug|Any CPU.Build.0 = Debug|Any CPU
		{0D61110D-5D62-45FB-9A71-8DD62BFE9234}.Debug|Mixed Platforms.ActiveCfg = Debug|Any CPU
		{0D61110D-5D62-45FB-9A71-8DD62BFE9234}.Debug|Mixed Platforms.Build.0 = Debug|Any CPU
		{0D61110D-5D62-45FB-9A71-8DD62BFE9234}.Debug|x86.ActiveCfg = Debug|Any CPU
		{0D61110D-5D62-45FB-9A71-8DD62BFE9234}.Debug|x86.Build.0 = Debug|Any CPU
		{0D61110D-5D62-45FB-9A71-8DD62BFE9234}.Release|Any CPU.ActiveCfg = Release|Any CPU
		{0D61110D-5D62-45FB-9A71-8DD62BFE9234}.Release|Any CPU.Build.0 = Release|Any CPU
		{0D61110D-5D62-45FB-9A71-8DD62BFE9234}.Release|Mixed Platforms.ActiveCfg = Release|Any CPU
		{0D61110D-5D62-45FB-9A71-8DD62BFE9234}.Release|Mixed Platforms.Build.0 = Release|Any CPU
		{0D61110D-5D62-45FB-9A71-8DD62BFE9234}.Release|x86.ActiveCfg = Release|Any CPU
		{0D61110D-5D62-45FB-9A71-8DD62BFE9234}.Release|x86.Build.0 = Release|Any CPU
		{D567C1D8-BC75-470F-92F0-FF758E54A1F8}.Debug|Any CPU.ActiveCfg = Debug|Any CPU
		{D567C1D8-BC75-470F-92F0-FF758E54A1F8}.Debug|Any CPU.Build.0 = Debug|Any CPU
		{D567C1D8-BC75-470F-92F0-FF758E54A1F8}.Debug|Mixed Platforms.ActiveCfg = Debug|Any CPU
		{D567C1D8-BC75-470F-92F0-FF758E54A1F8}.Debug|Mixed Platforms.Build.0 = Debug|Any CPU
		{D567C1D8-BC75-470F-92F0-FF758E54A1F8}.Debug|x86.ActiveCfg = Debug|Any CPU
		{D567C1D8-BC75-470F-92F0-FF758E54A1F8}.Debug|x86.Build.0 = Debug|Any CPU
		{D567C1D8-BC75-470F-92F0-FF758E54A1F8}.Release|Any CPU.ActiveCfg = Release|Any CPU
		{D567C1D8-BC75-470F-92F0-FF758E54A1F8}.Release|Any CPU.Build.0 = Release|Any CPU
		{D567C1D8-BC75-470F-92F0-FF758E54A1F8}.Release|Mixed Platforms.ActiveCfg = Release|Any CPU
		{D567C1D8-BC75-470F-92F0-FF758E54A1F8}.Release|Mixed Platforms.Build.0 = Release|Any CPU
		{D567C1D8-BC75-470F-92F0-FF758E54A1F8}.Release|x86.ActiveCfg = Release|Any CPU
		{D567C1D8-BC75-470F-92F0-FF758E54A1F8}.Release|x86.Build.0 = Release|Any CPU
		{3C47DF70-715F-41C9-9EBD-5318A1A28297}.Debug|Any CPU.ActiveCfg = Debug|Any CPU
		{3C47DF70-715F-41C9-9EBD-5318A1A28297}.Debug|Any CPU.Build.0 = Debug|Any CPU
		{3C47DF70-715F-41C9-9EBD-5318A1A28297}.Debug|Mixed Platforms.ActiveCfg = Debug|Any CPU
		{3C47DF70-715F-41C9-9EBD-5318A1A28297}.Debug|Mixed Platforms.Build.0 = Debug|Any CPU
		{3C47DF70-715F-41C9-9EBD-5318A1A28297}.Debug|x86.ActiveCfg = Debug|Any CPU
		{3C47DF70-715F-41C9-9EBD-5318A1A28297}.Debug|x86.Build.0 = Debug|Any CPU
		{3C47DF70-715F-41C9-9EBD-5318A1A28297}.Release|Any CPU.ActiveCfg = Release|Any CPU
		{3C47DF70-715F-41C9-9EBD-5318A1A28297}.Release|Any CPU.Build.0 = Release|Any CPU
		{3C47DF70-715F-41C9-9EBD-5318A1A28297}.Release|Mixed Platforms.ActiveCfg = Release|Any CPU
		{3C47DF70-715F-41C9-9EBD-5318A1A28297}.Release|Mixed Platforms.Build.0 = Release|Any CPU
		{3C47DF70-715F-41C9-9EBD-5318A1A28297}.Release|x86.ActiveCfg = Release|Any CPU
		{3C47DF70-715F-41C9-9EBD-5318A1A28297}.Release|x86.Build.0 = Release|Any CPU
		{40E6A8AE-699E-42B1-8D45-0B70CDAD9505}.Debug|Any CPU.ActiveCfg = Debug|Any CPU
		{40E6A8AE-699E-42B1-8D45-0B70CDAD9505}.Debug|Any CPU.Build.0 = Debug|Any CPU
		{40E6A8AE-699E-42B1-8D45-0B70CDAD9505}.Debug|Mixed Platforms.ActiveCfg = Debug|Any CPU
		{40E6A8AE-699E-42B1-8D45-0B70CDAD9505}.Debug|Mixed Platforms.Build.0 = Debug|Any CPU
		{40E6A8AE-699E-42B1-8D45-0B70CDAD9505}.Debug|x86.ActiveCfg = Debug|Any CPU
		{40E6A8AE-699E-42B1-8D45-0B70CDAD9505}.Debug|x86.Build.0 = Debug|Any CPU
		{40E6A8AE-699E-42B1-8D45-0B70CDAD9505}.Release|Any CPU.ActiveCfg = Release|Any CPU
		{40E6A8AE-699E-42B1-8D45-0B70CDAD9505}.Release|Any CPU.Build.0 = Release|Any CPU
		{40E6A8AE-699E-42B1-8D45-0B70CDAD9505}.Release|Mixed Platforms.ActiveCfg = Release|Any CPU
		{40E6A8AE-699E-42B1-8D45-0B70CDAD9505}.Release|Mixed Platforms.Build.0 = Release|Any CPU
		{40E6A8AE-699E-42B1-8D45-0B70CDAD9505}.Release|x86.ActiveCfg = Release|Any CPU
		{40E6A8AE-699E-42B1-8D45-0B70CDAD9505}.Release|x86.Build.0 = Release|Any CPU
		{CEDA18DE-92DD-4392-A4C3-170FA615B91E}.Debug|Any CPU.ActiveCfg = Debug|Any CPU
		{CEDA18DE-92DD-4392-A4C3-170FA615B91E}.Debug|Any CPU.Build.0 = Debug|Any CPU
		{CEDA18DE-92DD-4392-A4C3-170FA615B91E}.Debug|Mixed Platforms.ActiveCfg = Debug|Any CPU
		{CEDA18DE-92DD-4392-A4C3-170FA615B91E}.Debug|Mixed Platforms.Build.0 = Debug|Any CPU
		{CEDA18DE-92DD-4392-A4C3-170FA615B91E}.Debug|x86.ActiveCfg = Debug|Any CPU
		{CEDA18DE-92DD-4392-A4C3-170FA615B91E}.Debug|x86.Build.0 = Debug|Any CPU
		{CEDA18DE-92DD-4392-A4C3-170FA615B91E}.Release|Any CPU.ActiveCfg = Release|Any CPU
		{CEDA18DE-92DD-4392-A4C3-170FA615B91E}.Release|Any CPU.Build.0 = Release|Any CPU
		{CEDA18DE-92DD-4392-A4C3-170FA615B91E}.Release|Mixed Platforms.ActiveCfg = Release|Any CPU
		{CEDA18DE-92DD-4392-A4C3-170FA615B91E}.Release|Mixed Platforms.Build.0 = Release|Any CPU
		{CEDA18DE-92DD-4392-A4C3-170FA615B91E}.Release|x86.ActiveCfg = Release|Any CPU
		{CEDA18DE-92DD-4392-A4C3-170FA615B91E}.Release|x86.Build.0 = Release|Any CPU
		{50C11B63-BBA7-4230-9D3B-804A2EDF7028}.Debug|Any CPU.ActiveCfg = Debug|Any CPU
		{50C11B63-BBA7-4230-9D3B-804A2EDF7028}.Debug|Any CPU.Build.0 = Debug|Any CPU
		{50C11B63-BBA7-4230-9D3B-804A2EDF7028}.Debug|Mixed Platforms.ActiveCfg = Debug|Any CPU
		{50C11B63-BBA7-4230-9D3B-804A2EDF7028}.Debug|Mixed Platforms.Build.0 = Debug|Any CPU
		{50C11B63-BBA7-4230-9D3B-804A2EDF7028}.Debug|x86.ActiveCfg = Debug|Any CPU
		{50C11B63-BBA7-4230-9D3B-804A2EDF7028}.Debug|x86.Build.0 = Debug|Any CPU
		{50C11B63-BBA7-4230-9D3B-804A2EDF7028}.Release|Any CPU.ActiveCfg = Release|Any CPU
		{50C11B63-BBA7-4230-9D3B-804A2EDF7028}.Release|Any CPU.Build.0 = Release|Any CPU
		{50C11B63-BBA7-4230-9D3B-804A2EDF7028}.Release|Mixed Platforms.ActiveCfg = Release|Any CPU
		{50C11B63-BBA7-4230-9D3B-804A2EDF7028}.Release|Mixed Platforms.Build.0 = Release|Any CPU
		{50C11B63-BBA7-4230-9D3B-804A2EDF7028}.Release|x86.ActiveCfg = Release|Any CPU
		{50C11B63-BBA7-4230-9D3B-804A2EDF7028}.Release|x86.Build.0 = Release|Any CPU
		{689072A7-FE29-470B-A500-C0E82E45F47D}.Debug|Any CPU.ActiveCfg = Debug|Any CPU
		{689072A7-FE29-470B-A500-C0E82E45F47D}.Debug|Any CPU.Build.0 = Debug|Any CPU
		{689072A7-FE29-470B-A500-C0E82E45F47D}.Debug|Mixed Platforms.ActiveCfg = Debug|Any CPU
		{689072A7-FE29-470B-A500-C0E82E45F47D}.Debug|Mixed Platforms.Build.0 = Debug|Any CPU
		{689072A7-FE29-470B-A500-C0E82E45F47D}.Debug|x86.ActiveCfg = Debug|Any CPU
		{689072A7-FE29-470B-A500-C0E82E45F47D}.Debug|x86.Build.0 = Debug|Any CPU
		{689072A7-FE29-470B-A500-C0E82E45F47D}.Release|Any CPU.ActiveCfg = Release|Any CPU
		{689072A7-FE29-470B-A500-C0E82E45F47D}.Release|Any CPU.Build.0 = Release|Any CPU
		{689072A7-FE29-470B-A500-C0E82E45F47D}.Release|Mixed Platforms.ActiveCfg = Release|Any CPU
		{689072A7-FE29-470B-A500-C0E82E45F47D}.Release|Mixed Platforms.Build.0 = Release|Any CPU
		{689072A7-FE29-470B-A500-C0E82E45F47D}.Release|x86.ActiveCfg = Release|Any CPU
		{689072A7-FE29-470B-A500-C0E82E45F47D}.Release|x86.Build.0 = Release|Any CPU
	EndGlobalSection
	GlobalSection(SolutionProperties) = preSolution
		HideSolutionNode = FALSE
	EndGlobalSection
	GlobalSection(NestedProjects) = preSolution
		{4F1F649C-1020-45BE-A487-F416D9297FF3} = {B09156FB-8291-46A2-AF37-67CE97CFB5A6}
		{6BDA8332-939F-45B7-A25E-7A797260AE59} = {E4ACA93B-D3DE-4557-B069-F1DB42925A4B}
		{CCD7F2C9-6A2C-4CF0-8E89-076B8FC0F144} = {E4ACA93B-D3DE-4557-B069-F1DB42925A4B}
		{210541AD-F659-47DA-8763-16F36C5CD2F4} = {E4ACA93B-D3DE-4557-B069-F1DB42925A4B}
		{5DCBE5B1-1A02-48E7-9853-5FCEF2A36805} = {A340B280-C12B-47E7-90B7-89C650F8AAFC}
		{7A9BDC6A-F880-43D5-9B2A-59C1674CE449} = {A340B280-C12B-47E7-90B7-89C650F8AAFC}
		{1D9EB579-3630-468A-BE94-49E7DF4F6E1D} = {A340B280-C12B-47E7-90B7-89C650F8AAFC}
		{57718244-1B22-4637-9DBF-F5D8E460FC95} = {A340B280-C12B-47E7-90B7-89C650F8AAFC}
		{9A7B9344-6AD0-4828-876D-0BF14C177148} = {7881B112-7843-4542-B1F7-F99553FB9BB7}
		{75FD4163-333C-4DD5-854D-2EF294E45D94} = {B09156FB-8291-46A2-AF37-67CE97CFB5A6}
		{98CA7487-6ADE-4773-BD0A-29255F443236} = {7881B112-7843-4542-B1F7-F99553FB9BB7}
		{5422ED35-2808-4790-B5E6-C86A383B2874} = {7881B112-7843-4542-B1F7-F99553FB9BB7}
		{5979DBFD-8471-4DF5-A0FD-96F6768205AA} = {7881B112-7843-4542-B1F7-F99553FB9BB7}
		{C2B83AF5-80F6-4B8C-8628-FA7DE10C3BB5} = {7881B112-7843-4542-B1F7-F99553FB9BB7}
		{446FED73-BCA1-4D8F-BC13-EA1507C7EF29} = {7881B112-7843-4542-B1F7-F99553FB9BB7}
		{9978B382-0BCD-4621-B6B5-52E0E3B5F464} = {7881B112-7843-4542-B1F7-F99553FB9BB7}
		{6DF00C56-EC49-4AB8-8B29-404E3694026C} = {7881B112-7843-4542-B1F7-F99553FB9BB7}
		{06C88D0B-A276-4D3D-8BE5-7C58BF3072E3} = {7881B112-7843-4542-B1F7-F99553FB9BB7}
		{560768D4-7E1D-4431-99F0-CC14C255E167} = {7881B112-7843-4542-B1F7-F99553FB9BB7}
		{493761CB-5190-4283-8C6C-A8CEB5450CAB} = {7881B112-7843-4542-B1F7-F99553FB9BB7}
		{4C0C889A-A3B2-43FA-824A-F529402C1BBF} = {7881B112-7843-4542-B1F7-F99553FB9BB7}
		{7B08DACB-8E11-416D-9DDF-B0EEF847A8ED} = {7881B112-7843-4542-B1F7-F99553FB9BB7}
		{2426B75D-23D4-41EF-8924-47650C8A18C7} = {7881B112-7843-4542-B1F7-F99553FB9BB7}
		{83F05E8D-2D6C-41FC-A95C-9621ED358615} = {7881B112-7843-4542-B1F7-F99553FB9BB7}
		{FAC5F9D0-2C2B-4296-B079-E723EA8A320C} = {7881B112-7843-4542-B1F7-F99553FB9BB7}
		{87013DC8-D032-465B-A950-753E4EB15502} = {7881B112-7843-4542-B1F7-F99553FB9BB7}
		{2437965D-BBE4-4003-B8E0-88519FE52AAC} = {E4ACA93B-D3DE-4557-B069-F1DB42925A4B}
		{2601EFE1-BCB4-4335-B6E3-BED9485C0261} = {E4ACA93B-D3DE-4557-B069-F1DB42925A4B}
		{6C8F487A-87B5-4713-9C99-B40BAAB5E743} = {E4ACA93B-D3DE-4557-B069-F1DB42925A4B}
		{11E47DF0-6497-4839-9FE4-8527CE64FA38} = {E4ACA93B-D3DE-4557-B069-F1DB42925A4B}
		{BB28A22B-BBE7-4328-B89A-2E98A8BE90D3} = {E4ACA93B-D3DE-4557-B069-F1DB42925A4B}
		{2C028F10-7082-4122-A637-A717ACD8938D} = {E4ACA93B-D3DE-4557-B069-F1DB42925A4B}
		{3A6EABD9-5FA9-4A97-8115-4167087EB22B} = {E4ACA93B-D3DE-4557-B069-F1DB42925A4B}
		{EF6F28E6-2E95-45A1-9B3F-682120E1D926} = {E4ACA93B-D3DE-4557-B069-F1DB42925A4B}
		{2EDE7346-ADFE-40C7-A333-49F25D470AF3} = {E4ACA93B-D3DE-4557-B069-F1DB42925A4B}
		{22D0D5A3-7E91-42E0-8023-64A4E39DFD0E} = {E4ACA93B-D3DE-4557-B069-F1DB42925A4B}
		{35095236-CD88-4C47-87A2-CCF393886EAD} = {E4ACA93B-D3DE-4557-B069-F1DB42925A4B}
		{6F3CAC00-660D-43BA-B0DE-E7127DB8C208} = {E4ACA93B-D3DE-4557-B069-F1DB42925A4B}
		{43FF0F5E-4674-4C32-80A3-2C252133D2A5} = {E4ACA93B-D3DE-4557-B069-F1DB42925A4B}
		{44DBD966-DAA5-4884-8364-CE817E098B0A} = {312E621C-AFE5-4A6A-8E72-A00F2880B64B}
		{D1CE5B59-B832-4368-B5D1-073D82666879} = {312E621C-AFE5-4A6A-8E72-A00F2880B64B}
		{F6C8F55B-CE01-4068-BC01-E292FB86B365} = {312E621C-AFE5-4A6A-8E72-A00F2880B64B}
		{7450DE01-536D-48DA-B79D-0A0464C67990} = {312E621C-AFE5-4A6A-8E72-A00F2880B64B}
		{2EF2E35D-3280-42DD-BACF-C92B709A5057} = {44DBD966-DAA5-4884-8364-CE817E098B0A}
		{A7C71771-273C-4201-8CC9-7BCA909F71C4} = {44DBD966-DAA5-4884-8364-CE817E098B0A}
		{A29F4A18-8CCE-4AF5-87C4-7E3C28D7FBF0} = {D1CE5B59-B832-4368-B5D1-073D82666879}
		{8852C945-A18B-4E33-B26F-D97EBF01B03E} = {D1CE5B59-B832-4368-B5D1-073D82666879}
		{89BEA262-7032-4CC7-8BAB-8556EAF4746C} = {F6C8F55B-CE01-4068-BC01-E292FB86B365}
		{FDE2D908-1F77-4851-9254-2F8F66A579F3} = {7450DE01-536D-48DA-B79D-0A0464C67990}
		{92CB6937-54FD-4538-A438-9BC5542A39E6} = {7450DE01-536D-48DA-B79D-0A0464C67990}
		{BD289757-3378-41C1-80CF-15D9FF6DBC7A} = {7450DE01-536D-48DA-B79D-0A0464C67990}
		{0DDA1FE6-089C-4DF0-AA98-363DD517CC8B} = {7450DE01-536D-48DA-B79D-0A0464C67990}
		{B0C37BE4-9C19-418F-8ABE-28D9C8D11A23} = {7450DE01-536D-48DA-B79D-0A0464C67990}
		{0C7449F1-0C99-46AA-9A19-452F236BFCD6} = {7450DE01-536D-48DA-B79D-0A0464C67990}
		{B92ACB79-1EBC-4AA8-9503-B15094FC9968} = {7450DE01-536D-48DA-B79D-0A0464C67990}
		{79647C9F-2DD3-45F5-925D-04C28642AD33} = {7450DE01-536D-48DA-B79D-0A0464C67990}
		{7A04BC6B-F627-4C18-AD2D-484799F67EED} = {7450DE01-536D-48DA-B79D-0A0464C67990}
		{EECAF629-0153-416F-A1A5-8A66C1037DCD} = {B09156FB-8291-46A2-AF37-67CE97CFB5A6}
		{1BA0A10B-FA63-4282-880B-2F8E06957AAB} = {B09156FB-8291-46A2-AF37-67CE97CFB5A6}
		{0D61110D-5D62-45FB-9A71-8DD62BFE9234} = {B29C0909-1265-4A49-8301-5B163A0718A2}
		{D567C1D8-BC75-470F-92F0-FF758E54A1F8} = {B29C0909-1265-4A49-8301-5B163A0718A2}
		{3C47DF70-715F-41C9-9EBD-5318A1A28297} = {B29C0909-1265-4A49-8301-5B163A0718A2}
		{40E6A8AE-699E-42B1-8D45-0B70CDAD9505} = {B29C0909-1265-4A49-8301-5B163A0718A2}
		{CEDA18DE-92DD-4392-A4C3-170FA615B91E} = {94649218-4F63-4386-809E-EBEFA9320957}
		{50C11B63-BBA7-4230-9D3B-804A2EDF7028} = {94649218-4F63-4386-809E-EBEFA9320957}
		{689072A7-FE29-470B-A500-C0E82E45F47D} = {B29C0909-1265-4A49-8301-5B163A0718A2}
	EndGlobalSection
	GlobalSection(ExtensibilityGlobals) = postSolution
		SolutionGuid = {EE72A8B2-332A-4175-9319-6726D36E9D25}
	EndGlobalSection
	GlobalSection(NDepend) = preSolution
		Project = ".\NopCommerce.ndproj"
	EndGlobalSection
EndGlobal
